
Microsoft Visual Studio Solution File, Format Version 12.00
# Visual Studio 15
VisualStudioVersion = 15.0.27130.0
MinimumVisualStudioVersion = 10.0.40219.1
Project("{2150E333-8FDC-42A3-9474-1A3956D46DE8}") = "Server", "Server", "{4E750A65-E3DF-4030-ACC0-C47FBDAA615C}"
EndProject
Project("{2150E333-8FDC-42A3-9474-1A3956D46DE8}") = "Tests", "Tests", "{61FEE5E3-A936-4471-89F8-B1A4637FADF7}"
EndProject
Project("{9A19103F-16F7-4668-BE54-9A1E7A4F7556}") = "SimpleIdentityServer.Core.Jwt.UnitTests", "tests\SimpleIdentityServer.Core.Jwt.UnitTests\SimpleIdentityServer.Core.Jwt.UnitTests.csproj", "{4D20A2F5-FA59-437D-9321-FE193517588A}"
EndProject
Project("{9A19103F-16F7-4668-BE54-9A1E7A4F7556}") = "SimpleIdentityServer.Core.UnitTests", "tests\SimpleIdentityServer.Core.UnitTests\SimpleIdentityServer.Core.UnitTests.csproj", "{FCB0F13A-B412-4340-B077-D3E7A60A9DD7}"
EndProject
Project("{9A19103F-16F7-4668-BE54-9A1E7A4F7556}") = "SimpleIdentityServer.Client", "src\SimpleIdentityServer.Client\SimpleIdentityServer.Client.csproj", "{0F285AB3-E812-4AE0-9CEC-D118D10C3557}"
EndProject
Project("{9A19103F-16F7-4668-BE54-9A1E7A4F7556}") = "simpleauth", "src\simpleauth\simpleauth.csproj", "{C23BD3A1-78CE-4531-9649-19BB87C93F53}"
EndProject
Project("{9A19103F-16F7-4668-BE54-9A1E7A4F7556}") = "simpleauth.server", "src\simpleauth.server\simpleauth.server.csproj", "{F3EE8444-7F92-458D-8DB4-FAA7607629CB}"
EndProject
Project("{9A19103F-16F7-4668-BE54-9A1E7A4F7556}") = "SimpleIdentityServer.TwoFactorAuthentication.Twilio", "src\SimpleIdentityServer.TwoFactorAuthentication.Twilio\SimpleIdentityServer.TwoFactorAuthentication.Twilio.csproj", "{7F360C48-3D1D-4C64-88D4-322B1A12B1BF}"
EndProject
Project("{9A19103F-16F7-4668-BE54-9A1E7A4F7556}") = "SimpleIdentityServer.UserManagement", "src\SimpleIdentityServer.UserManagement\SimpleIdentityServer.UserManagement.csproj", "{30D7BF20-A13E-49CE-8C7F-291CF4FE2B3A}"
EndProject
Project("{9A19103F-16F7-4668-BE54-9A1E7A4F7556}") = "SimpleIdentityServer.Shell", "src\SimpleIdentityServer.Shell\SimpleIdentityServer.Shell.csproj", "{F32587BA-559D-41F9-B9A0-4DDF81A5E274}"
EndProject
Project("{9A19103F-16F7-4668-BE54-9A1E7A4F7556}") = "SimpleIdentityServer.Authenticate.LoginPassword", "src\SimpleIdentityServer.Authenticate.LoginPassword\SimpleIdentityServer.Authenticate.LoginPassword.csproj", "{85761025-ED27-471C-AE38-47D4BBC65A30}"
EndProject
Project("{9A19103F-16F7-4668-BE54-9A1E7A4F7556}") = "SimpleIdentityServer.Authenticate.SMS", "src\SimpleIdentityServer.Authenticate.SMS\SimpleIdentityServer.Authenticate.SMS.csproj", "{7AD38A3E-4A8A-42D2-9D1C-975676036F52}"
EndProject
Project("{9A19103F-16F7-4668-BE54-9A1E7A4F7556}") = "SimpleIdentityServer.Twilio.Client", "src\SimpleIdentityServer.Twilio.Client\SimpleIdentityServer.Twilio.Client.csproj", "{D5A83FD7-EB4B-4085-AAD1-E5CAB7FAFA2C}"
EndProject
Project("{9A19103F-16F7-4668-BE54-9A1E7A4F7556}") = "SimpleIdentityServer.Authenticate.SMS.Common", "src\SimpleIdentityServer.Authenticate.SMS.Common\SimpleIdentityServer.Authenticate.SMS.Common.csproj", "{5D826B9E-BDC2-4BAE-A7FC-5D1A0BBF08E8}"
EndProject
Project("{9A19103F-16F7-4668-BE54-9A1E7A4F7556}") = "SimpleIdentityServer.Authenticate.SMS.Client", "src\SimpleIdentityServer.Authenticate.SMS.Client\SimpleIdentityServer.Authenticate.SMS.Client.csproj", "{D6575015-95E4-41F9-9498-79C8F0102E4D}"
EndProject
Project("{9A19103F-16F7-4668-BE54-9A1E7A4F7556}") = "SimpleIdentityServer.Authenticate.SMS.Tests", "tests\SimpleIdentityServer.Authenticate.SMS.Tests\SimpleIdentityServer.Authenticate.SMS.Tests.csproj", "{ABE7C90B-9016-4188-86E9-9A0041949CEE}"
EndProject
Project("{9A19103F-16F7-4668-BE54-9A1E7A4F7556}") = "SimpleIdentityServer.UserInfoIntrospection", "src\SimpleIdentityServer.UserInfoIntrospection\SimpleIdentityServer.UserInfoIntrospection.csproj", "{7E02195C-5656-43F4-AFC0-DADD6AFC9214}"
EndProject
Project("{9A19103F-16F7-4668-BE54-9A1E7A4F7556}") = "SimpleIdentityServer.OAuth2Introspection", "src\SimpleIdentityServer.OAuth2Introspection\SimpleIdentityServer.OAuth2Introspection.csproj", "{ED4C6A19-21F0-449B-8E43-5654EB54EC9A}"
EndProject
Project("{9A19103F-16F7-4668-BE54-9A1E7A4F7556}") = "SimpleIdentityServer.AccountFilter.Basic.Tests", "tests\SimpleIdentityServer.AccountFilter.Basic.Tests\SimpleIdentityServer.AccountFilter.Basic.Tests.csproj", "{B32048DA-865B-408B-97E5-CAE7F46D3C20}"
EndProject
Project("{9A19103F-16F7-4668-BE54-9A1E7A4F7556}") = "SimpleIdentityServer.UserManagement.Common", "src\SimpleIdentityServer.UserManagement.Common\SimpleIdentityServer.UserManagement.Common.csproj", "{9B798C0D-D70F-49EA-B99A-05A4AD08DDC9}"
EndProject
Project("{9A19103F-16F7-4668-BE54-9A1E7A4F7556}") = "SimpleIdentityServer.UserManagement.Client", "src\SimpleIdentityServer.UserManagement.Client\SimpleIdentityServer.UserManagement.Client.csproj", "{A1615F2E-5A5C-4DE6-8BBD-4312B8A7E522}"
EndProject
Project("{9A19103F-16F7-4668-BE54-9A1E7A4F7556}") = "SimpleIdentityServer.AccessToken.Store.Tests", "tests\SimpleIdentityServer.AccessToken.Store.Tests\SimpleIdentityServer.AccessToken.Store.Tests.csproj", "{0027F061-1D67-4013-A2CC-9D87E07A3B52}"
EndProject
Project("{9A19103F-16F7-4668-BE54-9A1E7A4F7556}") = "SimpleIdentityServer.Host.Tests", "tests\SimpleIdentityServer.Host.Tests\SimpleIdentityServer.Host.Tests.csproj", "{E0B564B2-D240-4371-98B3-31D11B818F90}"
EndProject
Project("{9A19103F-16F7-4668-BE54-9A1E7A4F7556}") = "SimpleIdentityServer.Uma.Core.UnitTests", "tests\SimpleIdentityServer.Uma.Core.UnitTests\SimpleIdentityServer.Uma.Core.UnitTests.csproj", "{D1AA506C-0F73-4737-98B8-041FC88A55D9}"
EndProject
Project("{9A19103F-16F7-4668-BE54-9A1E7A4F7556}") = "SimpleIdentityServer.Uma.Host.Tests", "tests\SimpleIdentityServer.Uma.Host.Tests\SimpleIdentityServer.Uma.Host.Tests.csproj", "{657BBBAE-E85B-494F-B591-FF0D8844DEE7}"
EndProject
Project("{2150E333-8FDC-42A3-9474-1A3956D46DE8}") = "Clients", "Clients", "{BFFECB1F-3326-4B55-9180-58674B3FF5D0}"
EndProject
Project("{9A19103F-16F7-4668-BE54-9A1E7A4F7556}") = "SimpleIdentityServer.Scim.Client.Tests", "tests\SimpleIdentityServer.Scim.Client.Tests\SimpleIdentityServer.Scim.Client.Tests.csproj", "{733145CA-22FA-4971-8107-F0AFF459AEAB}"
EndProject
Project("{9A19103F-16F7-4668-BE54-9A1E7A4F7556}") = "simpleauth.shared", "src\simpleauth.shared\simpleauth.shared.csproj", "{4B6809E0-D49A-492A-8B2D-260D46791926}"
EndProject
Project("{9A19103F-16F7-4668-BE54-9A1E7A4F7556}") = "SimpleIdentityServer.Scim.Core", "src\SimpleIdentityServer.Scim.Core\SimpleIdentityServer.Scim.Core.csproj", "{BAFF380E-E8C5-4EF8-B9A2-28263155FA8C}"
EndProject
Project("{9A19103F-16F7-4668-BE54-9A1E7A4F7556}") = "SimpleIdentityServer.Scim.Host", "src\SimpleIdentityServer.Scim.Host\SimpleIdentityServer.Scim.Host.csproj", "{C26FF26D-C2DC-42EC-9C29-1C26048AFA27}"
EndProject
Project("{9A19103F-16F7-4668-BE54-9A1E7A4F7556}") = "SimpleIdentityServer.Uma.Common", "src\SimpleIdentityServer.Uma.Common\SimpleIdentityServer.Uma.Common.csproj", "{2E2182BF-61A6-4987-9500-68BBA4B9D270}"
EndProject
Project("{9A19103F-16F7-4668-BE54-9A1E7A4F7556}") = "SimpleIdentityServer.Uma.Core", "src\SimpleIdentityServer.Uma.Core\SimpleIdentityServer.Uma.Core.csproj", "{6AAFC575-3939-4914-AEDB-E352160F8915}"
EndProject
Project("{9A19103F-16F7-4668-BE54-9A1E7A4F7556}") = "SimpleIdentityServer.Uma.Host", "src\SimpleIdentityServer.Uma.Host\SimpleIdentityServer.Uma.Host.csproj", "{DE4839BD-E57D-476D-B986-EF876CB8E526}"
EndProject
Project("{9A19103F-16F7-4668-BE54-9A1E7A4F7556}") = "SimpleIdentityServer.Uma.Client", "src\SimpleIdentityServer.Uma.Client\SimpleIdentityServer.Uma.Client.csproj", "{435A378B-19E2-4FE2-8906-DEFB4D6E15D8}"
EndProject
Project("{FAE04EC0-301F-11D3-BF4B-00C04F79EFBC}") = "reimers.scim.query", "src\reimers.scim.query\reimers.scim.query.csproj", "{6F15FD7D-5F77-4A5C-A5A2-98C87EADF802}"
EndProject
Project("{9A19103F-16F7-4668-BE54-9A1E7A4F7556}") = "reimers.scim.query.tests", "reimers.scim.query.tests\reimers.scim.query.tests.csproj", "{C759A4A0-9E20-49B9-B12E-7C8F5584C1C0}"
EndProject
Project("{9A19103F-16F7-4668-BE54-9A1E7A4F7556}") = "SimpleIdentityServer.Manager.Core.Tests", "tests\SimpleIdentityServer.Manager.Core.Tests\SimpleIdentityServer.Manager.Core.Tests.csproj", "{6362CEB3-1482-444B-A46D-9DC033EBA41D}"
EndProject
Project("{9A19103F-16F7-4668-BE54-9A1E7A4F7556}") = "SimpleIdentityServer.Manager.Host.Tests", "tests\SimpleIdentityServer.Manager.Host.Tests\SimpleIdentityServer.Manager.Host.Tests.csproj", "{3169E9F3-56CA-46EE-A674-DA84E0FAA6EC}"
EndProject
Project("{9A19103F-16F7-4668-BE54-9A1E7A4F7556}") = "SimpleIdentityServer.Manager.Client", "src\SimpleIdentityServer.Manager.Client\SimpleIdentityServer.Manager.Client.csproj", "{C77BE523-DC6C-4BC8-BCE6-63B3F8D11D65}"
EndProject
Global
	GlobalSection(SolutionConfigurationPlatforms) = preSolution
		Debug|Any CPU = Debug|Any CPU
		Fake|Any CPU = Fake|Any CPU
		Release|Any CPU = Release|Any CPU
	EndGlobalSection
	GlobalSection(ProjectConfigurationPlatforms) = postSolution
		{4D20A2F5-FA59-437D-9321-FE193517588A}.Debug|Any CPU.ActiveCfg = Debug|Any CPU
		{4D20A2F5-FA59-437D-9321-FE193517588A}.Debug|Any CPU.Build.0 = Debug|Any CPU
		{4D20A2F5-FA59-437D-9321-FE193517588A}.Fake|Any CPU.ActiveCfg = Release|Any CPU
		{4D20A2F5-FA59-437D-9321-FE193517588A}.Fake|Any CPU.Build.0 = Release|Any CPU
		{4D20A2F5-FA59-437D-9321-FE193517588A}.Release|Any CPU.ActiveCfg = Release|Any CPU
		{4D20A2F5-FA59-437D-9321-FE193517588A}.Release|Any CPU.Build.0 = Release|Any CPU
		{FCB0F13A-B412-4340-B077-D3E7A60A9DD7}.Debug|Any CPU.ActiveCfg = Debug|Any CPU
		{FCB0F13A-B412-4340-B077-D3E7A60A9DD7}.Debug|Any CPU.Build.0 = Debug|Any CPU
		{FCB0F13A-B412-4340-B077-D3E7A60A9DD7}.Fake|Any CPU.ActiveCfg = Release|Any CPU
		{FCB0F13A-B412-4340-B077-D3E7A60A9DD7}.Fake|Any CPU.Build.0 = Release|Any CPU
		{FCB0F13A-B412-4340-B077-D3E7A60A9DD7}.Release|Any CPU.ActiveCfg = Release|Any CPU
		{FCB0F13A-B412-4340-B077-D3E7A60A9DD7}.Release|Any CPU.Build.0 = Release|Any CPU
		{0F285AB3-E812-4AE0-9CEC-D118D10C3557}.Debug|Any CPU.ActiveCfg = Debug|Any CPU
		{0F285AB3-E812-4AE0-9CEC-D118D10C3557}.Debug|Any CPU.Build.0 = Debug|Any CPU
		{0F285AB3-E812-4AE0-9CEC-D118D10C3557}.Fake|Any CPU.ActiveCfg = Release|Any CPU
		{0F285AB3-E812-4AE0-9CEC-D118D10C3557}.Fake|Any CPU.Build.0 = Release|Any CPU
		{0F285AB3-E812-4AE0-9CEC-D118D10C3557}.Release|Any CPU.ActiveCfg = Release|Any CPU
		{0F285AB3-E812-4AE0-9CEC-D118D10C3557}.Release|Any CPU.Build.0 = Release|Any CPU
		{C23BD3A1-78CE-4531-9649-19BB87C93F53}.Debug|Any CPU.ActiveCfg = Debug|Any CPU
		{C23BD3A1-78CE-4531-9649-19BB87C93F53}.Debug|Any CPU.Build.0 = Debug|Any CPU
		{C23BD3A1-78CE-4531-9649-19BB87C93F53}.Fake|Any CPU.ActiveCfg = Release|Any CPU
		{C23BD3A1-78CE-4531-9649-19BB87C93F53}.Fake|Any CPU.Build.0 = Release|Any CPU
		{C23BD3A1-78CE-4531-9649-19BB87C93F53}.Release|Any CPU.ActiveCfg = Release|Any CPU
		{C23BD3A1-78CE-4531-9649-19BB87C93F53}.Release|Any CPU.Build.0 = Release|Any CPU
		{F3EE8444-7F92-458D-8DB4-FAA7607629CB}.Debug|Any CPU.ActiveCfg = Debug|Any CPU
		{F3EE8444-7F92-458D-8DB4-FAA7607629CB}.Debug|Any CPU.Build.0 = Debug|Any CPU
		{F3EE8444-7F92-458D-8DB4-FAA7607629CB}.Fake|Any CPU.ActiveCfg = Release|Any CPU
		{F3EE8444-7F92-458D-8DB4-FAA7607629CB}.Fake|Any CPU.Build.0 = Release|Any CPU
		{F3EE8444-7F92-458D-8DB4-FAA7607629CB}.Release|Any CPU.ActiveCfg = Release|Any CPU
		{F3EE8444-7F92-458D-8DB4-FAA7607629CB}.Release|Any CPU.Build.0 = Release|Any CPU
		{7F360C48-3D1D-4C64-88D4-322B1A12B1BF}.Debug|Any CPU.ActiveCfg = Debug|Any CPU
		{7F360C48-3D1D-4C64-88D4-322B1A12B1BF}.Debug|Any CPU.Build.0 = Debug|Any CPU
		{7F360C48-3D1D-4C64-88D4-322B1A12B1BF}.Fake|Any CPU.ActiveCfg = Debug|Any CPU
		{7F360C48-3D1D-4C64-88D4-322B1A12B1BF}.Fake|Any CPU.Build.0 = Debug|Any CPU
		{7F360C48-3D1D-4C64-88D4-322B1A12B1BF}.Release|Any CPU.ActiveCfg = Release|Any CPU
		{7F360C48-3D1D-4C64-88D4-322B1A12B1BF}.Release|Any CPU.Build.0 = Release|Any CPU
		{30D7BF20-A13E-49CE-8C7F-291CF4FE2B3A}.Debug|Any CPU.ActiveCfg = Debug|Any CPU
		{30D7BF20-A13E-49CE-8C7F-291CF4FE2B3A}.Debug|Any CPU.Build.0 = Debug|Any CPU
		{30D7BF20-A13E-49CE-8C7F-291CF4FE2B3A}.Fake|Any CPU.ActiveCfg = Debug|Any CPU
		{30D7BF20-A13E-49CE-8C7F-291CF4FE2B3A}.Fake|Any CPU.Build.0 = Debug|Any CPU
		{30D7BF20-A13E-49CE-8C7F-291CF4FE2B3A}.Release|Any CPU.ActiveCfg = Release|Any CPU
		{30D7BF20-A13E-49CE-8C7F-291CF4FE2B3A}.Release|Any CPU.Build.0 = Release|Any CPU
		{F32587BA-559D-41F9-B9A0-4DDF81A5E274}.Debug|Any CPU.ActiveCfg = Debug|Any CPU
		{F32587BA-559D-41F9-B9A0-4DDF81A5E274}.Debug|Any CPU.Build.0 = Debug|Any CPU
		{F32587BA-559D-41F9-B9A0-4DDF81A5E274}.Fake|Any CPU.ActiveCfg = Debug|Any CPU
		{F32587BA-559D-41F9-B9A0-4DDF81A5E274}.Fake|Any CPU.Build.0 = Debug|Any CPU
		{F32587BA-559D-41F9-B9A0-4DDF81A5E274}.Release|Any CPU.ActiveCfg = Release|Any CPU
		{F32587BA-559D-41F9-B9A0-4DDF81A5E274}.Release|Any CPU.Build.0 = Release|Any CPU
		{85761025-ED27-471C-AE38-47D4BBC65A30}.Debug|Any CPU.ActiveCfg = Debug|Any CPU
		{85761025-ED27-471C-AE38-47D4BBC65A30}.Debug|Any CPU.Build.0 = Debug|Any CPU
		{85761025-ED27-471C-AE38-47D4BBC65A30}.Fake|Any CPU.ActiveCfg = Debug|Any CPU
		{85761025-ED27-471C-AE38-47D4BBC65A30}.Fake|Any CPU.Build.0 = Debug|Any CPU
		{85761025-ED27-471C-AE38-47D4BBC65A30}.Release|Any CPU.ActiveCfg = Release|Any CPU
		{85761025-ED27-471C-AE38-47D4BBC65A30}.Release|Any CPU.Build.0 = Release|Any CPU
		{7AD38A3E-4A8A-42D2-9D1C-975676036F52}.Debug|Any CPU.ActiveCfg = Debug|Any CPU
		{7AD38A3E-4A8A-42D2-9D1C-975676036F52}.Debug|Any CPU.Build.0 = Debug|Any CPU
		{7AD38A3E-4A8A-42D2-9D1C-975676036F52}.Fake|Any CPU.ActiveCfg = Debug|Any CPU
		{7AD38A3E-4A8A-42D2-9D1C-975676036F52}.Fake|Any CPU.Build.0 = Debug|Any CPU
		{7AD38A3E-4A8A-42D2-9D1C-975676036F52}.Release|Any CPU.ActiveCfg = Release|Any CPU
		{7AD38A3E-4A8A-42D2-9D1C-975676036F52}.Release|Any CPU.Build.0 = Release|Any CPU
		{D5A83FD7-EB4B-4085-AAD1-E5CAB7FAFA2C}.Debug|Any CPU.ActiveCfg = Debug|Any CPU
		{D5A83FD7-EB4B-4085-AAD1-E5CAB7FAFA2C}.Debug|Any CPU.Build.0 = Debug|Any CPU
		{D5A83FD7-EB4B-4085-AAD1-E5CAB7FAFA2C}.Fake|Any CPU.ActiveCfg = Debug|Any CPU
		{D5A83FD7-EB4B-4085-AAD1-E5CAB7FAFA2C}.Fake|Any CPU.Build.0 = Debug|Any CPU
		{D5A83FD7-EB4B-4085-AAD1-E5CAB7FAFA2C}.Release|Any CPU.ActiveCfg = Release|Any CPU
		{D5A83FD7-EB4B-4085-AAD1-E5CAB7FAFA2C}.Release|Any CPU.Build.0 = Release|Any CPU
		{5D826B9E-BDC2-4BAE-A7FC-5D1A0BBF08E8}.Debug|Any CPU.ActiveCfg = Debug|Any CPU
		{5D826B9E-BDC2-4BAE-A7FC-5D1A0BBF08E8}.Debug|Any CPU.Build.0 = Debug|Any CPU
		{5D826B9E-BDC2-4BAE-A7FC-5D1A0BBF08E8}.Fake|Any CPU.ActiveCfg = Debug|Any CPU
		{5D826B9E-BDC2-4BAE-A7FC-5D1A0BBF08E8}.Fake|Any CPU.Build.0 = Debug|Any CPU
		{5D826B9E-BDC2-4BAE-A7FC-5D1A0BBF08E8}.Release|Any CPU.ActiveCfg = Release|Any CPU
		{5D826B9E-BDC2-4BAE-A7FC-5D1A0BBF08E8}.Release|Any CPU.Build.0 = Release|Any CPU
		{D6575015-95E4-41F9-9498-79C8F0102E4D}.Debug|Any CPU.ActiveCfg = Debug|Any CPU
		{D6575015-95E4-41F9-9498-79C8F0102E4D}.Debug|Any CPU.Build.0 = Debug|Any CPU
		{D6575015-95E4-41F9-9498-79C8F0102E4D}.Fake|Any CPU.ActiveCfg = Debug|Any CPU
		{D6575015-95E4-41F9-9498-79C8F0102E4D}.Fake|Any CPU.Build.0 = Debug|Any CPU
		{D6575015-95E4-41F9-9498-79C8F0102E4D}.Release|Any CPU.ActiveCfg = Release|Any CPU
		{D6575015-95E4-41F9-9498-79C8F0102E4D}.Release|Any CPU.Build.0 = Release|Any CPU
		{ABE7C90B-9016-4188-86E9-9A0041949CEE}.Debug|Any CPU.ActiveCfg = Debug|Any CPU
		{ABE7C90B-9016-4188-86E9-9A0041949CEE}.Debug|Any CPU.Build.0 = Debug|Any CPU
		{ABE7C90B-9016-4188-86E9-9A0041949CEE}.Fake|Any CPU.ActiveCfg = Debug|Any CPU
		{ABE7C90B-9016-4188-86E9-9A0041949CEE}.Fake|Any CPU.Build.0 = Debug|Any CPU
		{ABE7C90B-9016-4188-86E9-9A0041949CEE}.Release|Any CPU.ActiveCfg = Release|Any CPU
		{ABE7C90B-9016-4188-86E9-9A0041949CEE}.Release|Any CPU.Build.0 = Release|Any CPU
		{7E02195C-5656-43F4-AFC0-DADD6AFC9214}.Debug|Any CPU.ActiveCfg = Debug|Any CPU
		{7E02195C-5656-43F4-AFC0-DADD6AFC9214}.Debug|Any CPU.Build.0 = Debug|Any CPU
		{7E02195C-5656-43F4-AFC0-DADD6AFC9214}.Fake|Any CPU.ActiveCfg = Debug|Any CPU
		{7E02195C-5656-43F4-AFC0-DADD6AFC9214}.Fake|Any CPU.Build.0 = Debug|Any CPU
		{7E02195C-5656-43F4-AFC0-DADD6AFC9214}.Release|Any CPU.ActiveCfg = Release|Any CPU
		{7E02195C-5656-43F4-AFC0-DADD6AFC9214}.Release|Any CPU.Build.0 = Release|Any CPU
		{ED4C6A19-21F0-449B-8E43-5654EB54EC9A}.Debug|Any CPU.ActiveCfg = Debug|Any CPU
		{ED4C6A19-21F0-449B-8E43-5654EB54EC9A}.Debug|Any CPU.Build.0 = Debug|Any CPU
		{ED4C6A19-21F0-449B-8E43-5654EB54EC9A}.Fake|Any CPU.ActiveCfg = Debug|Any CPU
		{ED4C6A19-21F0-449B-8E43-5654EB54EC9A}.Fake|Any CPU.Build.0 = Debug|Any CPU
		{ED4C6A19-21F0-449B-8E43-5654EB54EC9A}.Release|Any CPU.ActiveCfg = Release|Any CPU
		{ED4C6A19-21F0-449B-8E43-5654EB54EC9A}.Release|Any CPU.Build.0 = Release|Any CPU
		{B32048DA-865B-408B-97E5-CAE7F46D3C20}.Debug|Any CPU.ActiveCfg = Debug|Any CPU
		{B32048DA-865B-408B-97E5-CAE7F46D3C20}.Debug|Any CPU.Build.0 = Debug|Any CPU
		{B32048DA-865B-408B-97E5-CAE7F46D3C20}.Fake|Any CPU.ActiveCfg = Debug|Any CPU
		{B32048DA-865B-408B-97E5-CAE7F46D3C20}.Fake|Any CPU.Build.0 = Debug|Any CPU
		{B32048DA-865B-408B-97E5-CAE7F46D3C20}.Release|Any CPU.ActiveCfg = Release|Any CPU
		{B32048DA-865B-408B-97E5-CAE7F46D3C20}.Release|Any CPU.Build.0 = Release|Any CPU
		{9B798C0D-D70F-49EA-B99A-05A4AD08DDC9}.Debug|Any CPU.ActiveCfg = Debug|Any CPU
		{9B798C0D-D70F-49EA-B99A-05A4AD08DDC9}.Debug|Any CPU.Build.0 = Debug|Any CPU
		{9B798C0D-D70F-49EA-B99A-05A4AD08DDC9}.Fake|Any CPU.ActiveCfg = Debug|Any CPU
		{9B798C0D-D70F-49EA-B99A-05A4AD08DDC9}.Fake|Any CPU.Build.0 = Debug|Any CPU
		{9B798C0D-D70F-49EA-B99A-05A4AD08DDC9}.Release|Any CPU.ActiveCfg = Release|Any CPU
		{9B798C0D-D70F-49EA-B99A-05A4AD08DDC9}.Release|Any CPU.Build.0 = Release|Any CPU
		{A1615F2E-5A5C-4DE6-8BBD-4312B8A7E522}.Debug|Any CPU.ActiveCfg = Debug|Any CPU
		{A1615F2E-5A5C-4DE6-8BBD-4312B8A7E522}.Debug|Any CPU.Build.0 = Debug|Any CPU
		{A1615F2E-5A5C-4DE6-8BBD-4312B8A7E522}.Fake|Any CPU.ActiveCfg = Debug|Any CPU
		{A1615F2E-5A5C-4DE6-8BBD-4312B8A7E522}.Fake|Any CPU.Build.0 = Debug|Any CPU
		{A1615F2E-5A5C-4DE6-8BBD-4312B8A7E522}.Release|Any CPU.ActiveCfg = Release|Any CPU
		{A1615F2E-5A5C-4DE6-8BBD-4312B8A7E522}.Release|Any CPU.Build.0 = Release|Any CPU
		{0027F061-1D67-4013-A2CC-9D87E07A3B52}.Debug|Any CPU.ActiveCfg = Debug|Any CPU
		{0027F061-1D67-4013-A2CC-9D87E07A3B52}.Debug|Any CPU.Build.0 = Debug|Any CPU
		{0027F061-1D67-4013-A2CC-9D87E07A3B52}.Fake|Any CPU.ActiveCfg = Debug|Any CPU
		{0027F061-1D67-4013-A2CC-9D87E07A3B52}.Fake|Any CPU.Build.0 = Debug|Any CPU
		{0027F061-1D67-4013-A2CC-9D87E07A3B52}.Release|Any CPU.ActiveCfg = Release|Any CPU
		{0027F061-1D67-4013-A2CC-9D87E07A3B52}.Release|Any CPU.Build.0 = Release|Any CPU
		{E0B564B2-D240-4371-98B3-31D11B818F90}.Debug|Any CPU.ActiveCfg = Debug|Any CPU
		{E0B564B2-D240-4371-98B3-31D11B818F90}.Debug|Any CPU.Build.0 = Debug|Any CPU
		{E0B564B2-D240-4371-98B3-31D11B818F90}.Fake|Any CPU.ActiveCfg = Debug|Any CPU
		{E0B564B2-D240-4371-98B3-31D11B818F90}.Fake|Any CPU.Build.0 = Debug|Any CPU
		{E0B564B2-D240-4371-98B3-31D11B818F90}.Release|Any CPU.ActiveCfg = Release|Any CPU
		{E0B564B2-D240-4371-98B3-31D11B818F90}.Release|Any CPU.Build.0 = Release|Any CPU
		{D1AA506C-0F73-4737-98B8-041FC88A55D9}.Debug|Any CPU.ActiveCfg = Debug|Any CPU
		{D1AA506C-0F73-4737-98B8-041FC88A55D9}.Debug|Any CPU.Build.0 = Debug|Any CPU
		{D1AA506C-0F73-4737-98B8-041FC88A55D9}.Fake|Any CPU.ActiveCfg = Debug|Any CPU
		{D1AA506C-0F73-4737-98B8-041FC88A55D9}.Fake|Any CPU.Build.0 = Debug|Any CPU
		{D1AA506C-0F73-4737-98B8-041FC88A55D9}.Release|Any CPU.ActiveCfg = Release|Any CPU
		{D1AA506C-0F73-4737-98B8-041FC88A55D9}.Release|Any CPU.Build.0 = Release|Any CPU
		{657BBBAE-E85B-494F-B591-FF0D8844DEE7}.Debug|Any CPU.ActiveCfg = Debug|Any CPU
		{657BBBAE-E85B-494F-B591-FF0D8844DEE7}.Debug|Any CPU.Build.0 = Debug|Any CPU
		{657BBBAE-E85B-494F-B591-FF0D8844DEE7}.Fake|Any CPU.ActiveCfg = Debug|Any CPU
		{657BBBAE-E85B-494F-B591-FF0D8844DEE7}.Fake|Any CPU.Build.0 = Debug|Any CPU
		{657BBBAE-E85B-494F-B591-FF0D8844DEE7}.Release|Any CPU.ActiveCfg = Release|Any CPU
		{657BBBAE-E85B-494F-B591-FF0D8844DEE7}.Release|Any CPU.Build.0 = Release|Any CPU
		{733145CA-22FA-4971-8107-F0AFF459AEAB}.Debug|Any CPU.ActiveCfg = Debug|Any CPU
		{733145CA-22FA-4971-8107-F0AFF459AEAB}.Debug|Any CPU.Build.0 = Debug|Any CPU
		{733145CA-22FA-4971-8107-F0AFF459AEAB}.Fake|Any CPU.ActiveCfg = Debug|Any CPU
		{733145CA-22FA-4971-8107-F0AFF459AEAB}.Fake|Any CPU.Build.0 = Debug|Any CPU
		{733145CA-22FA-4971-8107-F0AFF459AEAB}.Release|Any CPU.ActiveCfg = Release|Any CPU
		{733145CA-22FA-4971-8107-F0AFF459AEAB}.Release|Any CPU.Build.0 = Release|Any CPU
		{4B6809E0-D49A-492A-8B2D-260D46791926}.Debug|Any CPU.ActiveCfg = Debug|Any CPU
		{4B6809E0-D49A-492A-8B2D-260D46791926}.Debug|Any CPU.Build.0 = Debug|Any CPU
		{4B6809E0-D49A-492A-8B2D-260D46791926}.Fake|Any CPU.ActiveCfg = Debug|Any CPU
		{4B6809E0-D49A-492A-8B2D-260D46791926}.Fake|Any CPU.Build.0 = Debug|Any CPU
		{4B6809E0-D49A-492A-8B2D-260D46791926}.Release|Any CPU.ActiveCfg = Release|Any CPU
		{4B6809E0-D49A-492A-8B2D-260D46791926}.Release|Any CPU.Build.0 = Release|Any CPU
		{BAFF380E-E8C5-4EF8-B9A2-28263155FA8C}.Debug|Any CPU.ActiveCfg = Debug|Any CPU
		{BAFF380E-E8C5-4EF8-B9A2-28263155FA8C}.Debug|Any CPU.Build.0 = Debug|Any CPU
		{BAFF380E-E8C5-4EF8-B9A2-28263155FA8C}.Fake|Any CPU.ActiveCfg = Debug|Any CPU
		{BAFF380E-E8C5-4EF8-B9A2-28263155FA8C}.Fake|Any CPU.Build.0 = Debug|Any CPU
		{BAFF380E-E8C5-4EF8-B9A2-28263155FA8C}.Release|Any CPU.ActiveCfg = Release|Any CPU
		{BAFF380E-E8C5-4EF8-B9A2-28263155FA8C}.Release|Any CPU.Build.0 = Release|Any CPU
		{C26FF26D-C2DC-42EC-9C29-1C26048AFA27}.Debug|Any CPU.ActiveCfg = Debug|Any CPU
		{C26FF26D-C2DC-42EC-9C29-1C26048AFA27}.Debug|Any CPU.Build.0 = Debug|Any CPU
		{C26FF26D-C2DC-42EC-9C29-1C26048AFA27}.Fake|Any CPU.ActiveCfg = Debug|Any CPU
		{C26FF26D-C2DC-42EC-9C29-1C26048AFA27}.Fake|Any CPU.Build.0 = Debug|Any CPU
		{C26FF26D-C2DC-42EC-9C29-1C26048AFA27}.Release|Any CPU.ActiveCfg = Release|Any CPU
		{C26FF26D-C2DC-42EC-9C29-1C26048AFA27}.Release|Any CPU.Build.0 = Release|Any CPU
		{2E2182BF-61A6-4987-9500-68BBA4B9D270}.Debug|Any CPU.ActiveCfg = Debug|Any CPU
		{2E2182BF-61A6-4987-9500-68BBA4B9D270}.Debug|Any CPU.Build.0 = Debug|Any CPU
		{2E2182BF-61A6-4987-9500-68BBA4B9D270}.Fake|Any CPU.ActiveCfg = Debug|Any CPU
		{2E2182BF-61A6-4987-9500-68BBA4B9D270}.Fake|Any CPU.Build.0 = Debug|Any CPU
		{2E2182BF-61A6-4987-9500-68BBA4B9D270}.Release|Any CPU.ActiveCfg = Release|Any CPU
		{2E2182BF-61A6-4987-9500-68BBA4B9D270}.Release|Any CPU.Build.0 = Release|Any CPU
		{6AAFC575-3939-4914-AEDB-E352160F8915}.Debug|Any CPU.ActiveCfg = Debug|Any CPU
		{6AAFC575-3939-4914-AEDB-E352160F8915}.Debug|Any CPU.Build.0 = Debug|Any CPU
		{6AAFC575-3939-4914-AEDB-E352160F8915}.Fake|Any CPU.ActiveCfg = Debug|Any CPU
		{6AAFC575-3939-4914-AEDB-E352160F8915}.Fake|Any CPU.Build.0 = Debug|Any CPU
		{6AAFC575-3939-4914-AEDB-E352160F8915}.Release|Any CPU.ActiveCfg = Release|Any CPU
		{6AAFC575-3939-4914-AEDB-E352160F8915}.Release|Any CPU.Build.0 = Release|Any CPU
		{DE4839BD-E57D-476D-B986-EF876CB8E526}.Debug|Any CPU.ActiveCfg = Debug|Any CPU
		{DE4839BD-E57D-476D-B986-EF876CB8E526}.Debug|Any CPU.Build.0 = Debug|Any CPU
		{DE4839BD-E57D-476D-B986-EF876CB8E526}.Fake|Any CPU.ActiveCfg = Debug|Any CPU
		{DE4839BD-E57D-476D-B986-EF876CB8E526}.Fake|Any CPU.Build.0 = Debug|Any CPU
		{DE4839BD-E57D-476D-B986-EF876CB8E526}.Release|Any CPU.ActiveCfg = Release|Any CPU
		{DE4839BD-E57D-476D-B986-EF876CB8E526}.Release|Any CPU.Build.0 = Release|Any CPU
		{435A378B-19E2-4FE2-8906-DEFB4D6E15D8}.Debug|Any CPU.ActiveCfg = Debug|Any CPU
		{435A378B-19E2-4FE2-8906-DEFB4D6E15D8}.Debug|Any CPU.Build.0 = Debug|Any CPU
		{435A378B-19E2-4FE2-8906-DEFB4D6E15D8}.Fake|Any CPU.ActiveCfg = Debug|Any CPU
		{435A378B-19E2-4FE2-8906-DEFB4D6E15D8}.Fake|Any CPU.Build.0 = Debug|Any CPU
		{435A378B-19E2-4FE2-8906-DEFB4D6E15D8}.Release|Any CPU.ActiveCfg = Release|Any CPU
		{435A378B-19E2-4FE2-8906-DEFB4D6E15D8}.Release|Any CPU.Build.0 = Release|Any CPU
		{6F15FD7D-5F77-4A5C-A5A2-98C87EADF802}.Debug|Any CPU.ActiveCfg = Debug|Any CPU
		{6F15FD7D-5F77-4A5C-A5A2-98C87EADF802}.Debug|Any CPU.Build.0 = Debug|Any CPU
		{6F15FD7D-5F77-4A5C-A5A2-98C87EADF802}.Fake|Any CPU.ActiveCfg = Release|Any CPU
		{6F15FD7D-5F77-4A5C-A5A2-98C87EADF802}.Fake|Any CPU.Build.0 = Release|Any CPU
		{6F15FD7D-5F77-4A5C-A5A2-98C87EADF802}.Release|Any CPU.ActiveCfg = Release|Any CPU
		{6F15FD7D-5F77-4A5C-A5A2-98C87EADF802}.Release|Any CPU.Build.0 = Release|Any CPU
		{C759A4A0-9E20-49B9-B12E-7C8F5584C1C0}.Debug|Any CPU.ActiveCfg = Debug|Any CPU
		{C759A4A0-9E20-49B9-B12E-7C8F5584C1C0}.Debug|Any CPU.Build.0 = Debug|Any CPU
		{C759A4A0-9E20-49B9-B12E-7C8F5584C1C0}.Fake|Any CPU.ActiveCfg = Debug|Any CPU
		{C759A4A0-9E20-49B9-B12E-7C8F5584C1C0}.Fake|Any CPU.Build.0 = Debug|Any CPU
		{C759A4A0-9E20-49B9-B12E-7C8F5584C1C0}.Release|Any CPU.ActiveCfg = Release|Any CPU
		{C759A4A0-9E20-49B9-B12E-7C8F5584C1C0}.Release|Any CPU.Build.0 = Release|Any CPU
		{6362CEB3-1482-444B-A46D-9DC033EBA41D}.Debug|Any CPU.ActiveCfg = Debug|Any CPU
		{6362CEB3-1482-444B-A46D-9DC033EBA41D}.Debug|Any CPU.Build.0 = Debug|Any CPU
		{6362CEB3-1482-444B-A46D-9DC033EBA41D}.Fake|Any CPU.ActiveCfg = Debug|Any CPU
		{6362CEB3-1482-444B-A46D-9DC033EBA41D}.Fake|Any CPU.Build.0 = Debug|Any CPU
		{6362CEB3-1482-444B-A46D-9DC033EBA41D}.Release|Any CPU.ActiveCfg = Release|Any CPU
		{6362CEB3-1482-444B-A46D-9DC033EBA41D}.Release|Any CPU.Build.0 = Release|Any CPU
		{3169E9F3-56CA-46EE-A674-DA84E0FAA6EC}.Debug|Any CPU.ActiveCfg = Debug|Any CPU
		{3169E9F3-56CA-46EE-A674-DA84E0FAA6EC}.Debug|Any CPU.Build.0 = Debug|Any CPU
		{3169E9F3-56CA-46EE-A674-DA84E0FAA6EC}.Fake|Any CPU.ActiveCfg = Debug|Any CPU
		{3169E9F3-56CA-46EE-A674-DA84E0FAA6EC}.Fake|Any CPU.Build.0 = Debug|Any CPU
		{3169E9F3-56CA-46EE-A674-DA84E0FAA6EC}.Release|Any CPU.ActiveCfg = Release|Any CPU
		{3169E9F3-56CA-46EE-A674-DA84E0FAA6EC}.Release|Any CPU.Build.0 = Release|Any CPU
		{C77BE523-DC6C-4BC8-BCE6-63B3F8D11D65}.Debug|Any CPU.ActiveCfg = Debug|Any CPU
		{C77BE523-DC6C-4BC8-BCE6-63B3F8D11D65}.Debug|Any CPU.Build.0 = Debug|Any CPU
		{C77BE523-DC6C-4BC8-BCE6-63B3F8D11D65}.Fake|Any CPU.ActiveCfg = Debug|Any CPU
		{C77BE523-DC6C-4BC8-BCE6-63B3F8D11D65}.Fake|Any CPU.Build.0 = Debug|Any CPU
		{C77BE523-DC6C-4BC8-BCE6-63B3F8D11D65}.Release|Any CPU.ActiveCfg = Release|Any CPU
		{C77BE523-DC6C-4BC8-BCE6-63B3F8D11D65}.Release|Any CPU.Build.0 = Release|Any CPU
	EndGlobalSection
	GlobalSection(SolutionProperties) = preSolution
		HideSolutionNode = FALSE
	EndGlobalSection
	GlobalSection(NestedProjects) = preSolution
		{4D20A2F5-FA59-437D-9321-FE193517588A} = {61FEE5E3-A936-4471-89F8-B1A4637FADF7}
		{FCB0F13A-B412-4340-B077-D3E7A60A9DD7} = {61FEE5E3-A936-4471-89F8-B1A4637FADF7}
		{0F285AB3-E812-4AE0-9CEC-D118D10C3557} = {BFFECB1F-3326-4B55-9180-58674B3FF5D0}
		{C23BD3A1-78CE-4531-9649-19BB87C93F53} = {4E750A65-E3DF-4030-ACC0-C47FBDAA615C}
		{F3EE8444-7F92-458D-8DB4-FAA7607629CB} = {4E750A65-E3DF-4030-ACC0-C47FBDAA615C}
		{7F360C48-3D1D-4C64-88D4-322B1A12B1BF} = {4E750A65-E3DF-4030-ACC0-C47FBDAA615C}
		{30D7BF20-A13E-49CE-8C7F-291CF4FE2B3A} = {4E750A65-E3DF-4030-ACC0-C47FBDAA615C}
		{F32587BA-559D-41F9-B9A0-4DDF81A5E274} = {4E750A65-E3DF-4030-ACC0-C47FBDAA615C}
		{85761025-ED27-471C-AE38-47D4BBC65A30} = {4E750A65-E3DF-4030-ACC0-C47FBDAA615C}
		{7AD38A3E-4A8A-42D2-9D1C-975676036F52} = {4E750A65-E3DF-4030-ACC0-C47FBDAA615C}
		{D5A83FD7-EB4B-4085-AAD1-E5CAB7FAFA2C} = {4E750A65-E3DF-4030-ACC0-C47FBDAA615C}
		{5D826B9E-BDC2-4BAE-A7FC-5D1A0BBF08E8} = {4E750A65-E3DF-4030-ACC0-C47FBDAA615C}
		{D6575015-95E4-41F9-9498-79C8F0102E4D} = {BFFECB1F-3326-4B55-9180-58674B3FF5D0}
		{ABE7C90B-9016-4188-86E9-9A0041949CEE} = {61FEE5E3-A936-4471-89F8-B1A4637FADF7}
		{7E02195C-5656-43F4-AFC0-DADD6AFC9214} = {BFFECB1F-3326-4B55-9180-58674B3FF5D0}
		{ED4C6A19-21F0-449B-8E43-5654EB54EC9A} = {BFFECB1F-3326-4B55-9180-58674B3FF5D0}
		{B32048DA-865B-408B-97E5-CAE7F46D3C20} = {61FEE5E3-A936-4471-89F8-B1A4637FADF7}
		{9B798C0D-D70F-49EA-B99A-05A4AD08DDC9} = {4E750A65-E3DF-4030-ACC0-C47FBDAA615C}
		{A1615F2E-5A5C-4DE6-8BBD-4312B8A7E522} = {BFFECB1F-3326-4B55-9180-58674B3FF5D0}
		{0027F061-1D67-4013-A2CC-9D87E07A3B52} = {61FEE5E3-A936-4471-89F8-B1A4637FADF7}
		{E0B564B2-D240-4371-98B3-31D11B818F90} = {61FEE5E3-A936-4471-89F8-B1A4637FADF7}
		{D1AA506C-0F73-4737-98B8-041FC88A55D9} = {61FEE5E3-A936-4471-89F8-B1A4637FADF7}
		{657BBBAE-E85B-494F-B591-FF0D8844DEE7} = {61FEE5E3-A936-4471-89F8-B1A4637FADF7}
		{733145CA-22FA-4971-8107-F0AFF459AEAB} = {61FEE5E3-A936-4471-89F8-B1A4637FADF7}
		{4B6809E0-D49A-492A-8B2D-260D46791926} = {4E750A65-E3DF-4030-ACC0-C47FBDAA615C}
		{BAFF380E-E8C5-4EF8-B9A2-28263155FA8C} = {4E750A65-E3DF-4030-ACC0-C47FBDAA615C}
		{C26FF26D-C2DC-42EC-9C29-1C26048AFA27} = {4E750A65-E3DF-4030-ACC0-C47FBDAA615C}
		{2E2182BF-61A6-4987-9500-68BBA4B9D270} = {4E750A65-E3DF-4030-ACC0-C47FBDAA615C}
		{6AAFC575-3939-4914-AEDB-E352160F8915} = {4E750A65-E3DF-4030-ACC0-C47FBDAA615C}
		{DE4839BD-E57D-476D-B986-EF876CB8E526} = {4E750A65-E3DF-4030-ACC0-C47FBDAA615C}
		{435A378B-19E2-4FE2-8906-DEFB4D6E15D8} = {BFFECB1F-3326-4B55-9180-58674B3FF5D0}
		{6F15FD7D-5F77-4A5C-A5A2-98C87EADF802} = {4E750A65-E3DF-4030-ACC0-C47FBDAA615C}
		{C759A4A0-9E20-49B9-B12E-7C8F5584C1C0} = {61FEE5E3-A936-4471-89F8-B1A4637FADF7}
		{6362CEB3-1482-444B-A46D-9DC033EBA41D} = {61FEE5E3-A936-4471-89F8-B1A4637FADF7}
		{3169E9F3-56CA-46EE-A674-DA84E0FAA6EC} = {61FEE5E3-A936-4471-89F8-B1A4637FADF7}
		{C77BE523-DC6C-4BC8-BCE6-63B3F8D11D65} = {BFFECB1F-3326-4B55-9180-58674B3FF5D0}
	EndGlobalSection
	GlobalSection(ExtensibilityGlobals) = postSolution
		SolutionGuid = {9BEEBF69-C26F-4148-BDA9-941BFEC401A7}
	EndGlobalSection
EndGlobal
