
Microsoft Visual Studio Solution File, Format Version 12.00
# Visual Studio Version 16
VisualStudioVersion = 16.0.28729.10
MinimumVisualStudioVersion = 10.0.40219.1
Project("{2150E333-8FDC-42A3-9474-1A3956D46DE8}") = "Server", "Server", "{4E750A65-E3DF-4030-ACC0-C47FBDAA615C}"
EndProject
Project("{2150E333-8FDC-42A3-9474-1A3956D46DE8}") = "Tests", "Tests", "{61FEE5E3-A936-4471-89F8-B1A4637FADF7}"
EndProject
Project("{9A19103F-16F7-4668-BE54-9A1E7A4F7556}") = "simpleauth.tests", "tests\simpleauth.tests\simpleauth.tests.csproj", "{FCB0F13A-B412-4340-B077-D3E7A60A9DD7}"
EndProject
Project("{9A19103F-16F7-4668-BE54-9A1E7A4F7556}") = "simpleauth.client", "src\simpleauth.client\simpleauth.client.csproj", "{0F285AB3-E812-4AE0-9CEC-D118D10C3557}"
EndProject
Project("{9A19103F-16F7-4668-BE54-9A1E7A4F7556}") = "simpleauth", "src\simpleauth\simpleauth.csproj", "{C23BD3A1-78CE-4531-9649-19BB87C93F53}"
EndProject
Project("{9A19103F-16F7-4668-BE54-9A1E7A4F7556}") = "simpleauth.sms", "src\simpleauth.sms\simpleauth.sms.csproj", "{7AD38A3E-4A8A-42D2-9D1C-975676036F52}"
EndProject
Project("{9A19103F-16F7-4668-BE54-9A1E7A4F7556}") = "simpleauth.userinfointrospection", "src\simpleauth.userinfointrospection\simpleauth.userinfointrospection.csproj", "{7E02195C-5656-43F4-AFC0-DADD6AFC9214}"
EndProject
Project("{9A19103F-16F7-4668-BE54-9A1E7A4F7556}") = "simpleauth.server.tests", "tests\simpleauth.server.tests\simpleauth.server.tests.csproj", "{E0B564B2-D240-4371-98B3-31D11B818F90}"
EndProject
Project("{2150E333-8FDC-42A3-9474-1A3956D46DE8}") = "Clients", "Clients", "{BFFECB1F-3326-4B55-9180-58674B3FF5D0}"
EndProject
Project("{9A19103F-16F7-4668-BE54-9A1E7A4F7556}") = "simpleauth.shared", "src\simpleauth.shared\simpleauth.shared.csproj", "{4B6809E0-D49A-492A-8B2D-260D46791926}"
EndProject
Project("{9A19103F-16F7-4668-BE54-9A1E7A4F7556}") = "simpleauth.manager.client", "src\simpleauth.manager.client\simpleauth.manager.client.csproj", "{C77BE523-DC6C-4BC8-BCE6-63B3F8D11D65}"
EndProject
Project("{9A19103F-16F7-4668-BE54-9A1E7A4F7556}") = "simpleauth.authserver", "src\simpleauth.authserver\simpleauth.authserver.csproj", "{C05030A0-23DC-4B48-891C-791BCAEB96AF}"
EndProject
Project("{9A19103F-16F7-4668-BE54-9A1E7A4F7556}") = "simpleauth.acceptancetests", "tests\simpleauth.acceptancetests\simpleauth.acceptancetests.csproj", "{A068C8CC-6F6E-4239-A4A5-5835580D9FF2}"
EndProject
Project("{9A19103F-16F7-4668-BE54-9A1E7A4F7556}") = "simpleauth.stores.marten", "src\simpleauth.stores.marten\simpleauth.stores.marten.csproj", "{D850CA90-E757-4328-B371-7D8957901D65}"
EndProject
Project("{2150E333-8FDC-42A3-9474-1A3956D46DE8}") = "Solution Items", "Solution Items", "{14B4BA03-B799-4947-B948-81C3C21EF73B}"
	ProjectSection(SolutionItems) = preProject
		build.cake = build.cake
		build.ps1 = build.ps1
		build.sh = build.sh
		cakebuild.ps1 = cakebuild.ps1
		docker-compose.yml = docker-compose.yml
		DockerfileInMemory = DockerfileInMemory
		DockerfilePostgres = DockerfilePostgres
		README.md = README.md
		shared.proj = shared.proj
	EndProjectSection
EndProject
Project("{9A19103F-16F7-4668-BE54-9A1E7A4F7556}") = "simpleauth.stores.marten.acceptancetests", "tests\simpleauth.stores.marten.acceptancetests\simpleauth.stores.marten.acceptancetests.csproj", "{816CBA5B-357C-4D00-9A9B-F06A33F93B10}"
EndProject
Project("{9A19103F-16F7-4668-BE54-9A1E7A4F7556}") = "simpleauth.authserverpg", "src\simpleauth.authserverpg\simpleauth.authserverpg.csproj", "{16AAC14E-CC98-4F46-8E6E-4254FF6CE90E}"
EndProject
Project("{FAE04EC0-301F-11D3-BF4B-00C04F79EFBC}") = "simpleauth.resourceserver", "src\simpleauth.resourceserver\simpleauth.resourceserver.csproj", "{D8825706-0FC0-499A-B409-C60F575DF248}"
EndProject
Global
	GlobalSection(SolutionConfigurationPlatforms) = preSolution
		Debug|Any CPU = Debug|Any CPU
		Release|Any CPU = Release|Any CPU
	EndGlobalSection
	GlobalSection(ProjectConfigurationPlatforms) = postSolution
		{FCB0F13A-B412-4340-B077-D3E7A60A9DD7}.Debug|Any CPU.ActiveCfg = Debug|Any CPU
		{FCB0F13A-B412-4340-B077-D3E7A60A9DD7}.Debug|Any CPU.Build.0 = Debug|Any CPU
		{FCB0F13A-B412-4340-B077-D3E7A60A9DD7}.Release|Any CPU.ActiveCfg = Release|Any CPU
		{FCB0F13A-B412-4340-B077-D3E7A60A9DD7}.Release|Any CPU.Build.0 = Release|Any CPU
		{0F285AB3-E812-4AE0-9CEC-D118D10C3557}.Debug|Any CPU.ActiveCfg = Debug|Any CPU
		{0F285AB3-E812-4AE0-9CEC-D118D10C3557}.Debug|Any CPU.Build.0 = Debug|Any CPU
		{0F285AB3-E812-4AE0-9CEC-D118D10C3557}.Release|Any CPU.ActiveCfg = Release|Any CPU
		{0F285AB3-E812-4AE0-9CEC-D118D10C3557}.Release|Any CPU.Build.0 = Release|Any CPU
		{C23BD3A1-78CE-4531-9649-19BB87C93F53}.Debug|Any CPU.ActiveCfg = Debug|Any CPU
		{C23BD3A1-78CE-4531-9649-19BB87C93F53}.Debug|Any CPU.Build.0 = Debug|Any CPU
		{C23BD3A1-78CE-4531-9649-19BB87C93F53}.Release|Any CPU.ActiveCfg = Release|Any CPU
		{C23BD3A1-78CE-4531-9649-19BB87C93F53}.Release|Any CPU.Build.0 = Release|Any CPU
		{7AD38A3E-4A8A-42D2-9D1C-975676036F52}.Debug|Any CPU.ActiveCfg = Debug|Any CPU
		{7AD38A3E-4A8A-42D2-9D1C-975676036F52}.Debug|Any CPU.Build.0 = Debug|Any CPU
		{7AD38A3E-4A8A-42D2-9D1C-975676036F52}.Release|Any CPU.ActiveCfg = Release|Any CPU
		{7AD38A3E-4A8A-42D2-9D1C-975676036F52}.Release|Any CPU.Build.0 = Release|Any CPU
		{7E02195C-5656-43F4-AFC0-DADD6AFC9214}.Debug|Any CPU.ActiveCfg = Debug|Any CPU
		{7E02195C-5656-43F4-AFC0-DADD6AFC9214}.Debug|Any CPU.Build.0 = Debug|Any CPU
		{7E02195C-5656-43F4-AFC0-DADD6AFC9214}.Release|Any CPU.ActiveCfg = Release|Any CPU
		{7E02195C-5656-43F4-AFC0-DADD6AFC9214}.Release|Any CPU.Build.0 = Release|Any CPU
		{E0B564B2-D240-4371-98B3-31D11B818F90}.Debug|Any CPU.ActiveCfg = Debug|Any CPU
		{E0B564B2-D240-4371-98B3-31D11B818F90}.Debug|Any CPU.Build.0 = Debug|Any CPU
		{E0B564B2-D240-4371-98B3-31D11B818F90}.Release|Any CPU.ActiveCfg = Release|Any CPU
		{E0B564B2-D240-4371-98B3-31D11B818F90}.Release|Any CPU.Build.0 = Release|Any CPU
		{4B6809E0-D49A-492A-8B2D-260D46791926}.Debug|Any CPU.ActiveCfg = Debug|Any CPU
		{4B6809E0-D49A-492A-8B2D-260D46791926}.Debug|Any CPU.Build.0 = Debug|Any CPU
		{4B6809E0-D49A-492A-8B2D-260D46791926}.Release|Any CPU.ActiveCfg = Release|Any CPU
		{4B6809E0-D49A-492A-8B2D-260D46791926}.Release|Any CPU.Build.0 = Release|Any CPU
		{C77BE523-DC6C-4BC8-BCE6-63B3F8D11D65}.Debug|Any CPU.ActiveCfg = Debug|Any CPU
		{C77BE523-DC6C-4BC8-BCE6-63B3F8D11D65}.Debug|Any CPU.Build.0 = Debug|Any CPU
		{C77BE523-DC6C-4BC8-BCE6-63B3F8D11D65}.Release|Any CPU.ActiveCfg = Release|Any CPU
		{C77BE523-DC6C-4BC8-BCE6-63B3F8D11D65}.Release|Any CPU.Build.0 = Release|Any CPU
		{C05030A0-23DC-4B48-891C-791BCAEB96AF}.Debug|Any CPU.ActiveCfg = Debug|Any CPU
		{C05030A0-23DC-4B48-891C-791BCAEB96AF}.Debug|Any CPU.Build.0 = Debug|Any CPU
		{C05030A0-23DC-4B48-891C-791BCAEB96AF}.Release|Any CPU.ActiveCfg = Release|Any CPU
		{C05030A0-23DC-4B48-891C-791BCAEB96AF}.Release|Any CPU.Build.0 = Release|Any CPU
		{A068C8CC-6F6E-4239-A4A5-5835580D9FF2}.Debug|Any CPU.ActiveCfg = Debug|Any CPU
		{A068C8CC-6F6E-4239-A4A5-5835580D9FF2}.Debug|Any CPU.Build.0 = Debug|Any CPU
		{A068C8CC-6F6E-4239-A4A5-5835580D9FF2}.Release|Any CPU.ActiveCfg = Release|Any CPU
		{A068C8CC-6F6E-4239-A4A5-5835580D9FF2}.Release|Any CPU.Build.0 = Release|Any CPU
		{D850CA90-E757-4328-B371-7D8957901D65}.Debug|Any CPU.ActiveCfg = Debug|Any CPU
		{D850CA90-E757-4328-B371-7D8957901D65}.Debug|Any CPU.Build.0 = Debug|Any CPU
		{D850CA90-E757-4328-B371-7D8957901D65}.Release|Any CPU.ActiveCfg = Release|Any CPU
		{D850CA90-E757-4328-B371-7D8957901D65}.Release|Any CPU.Build.0 = Release|Any CPU
		{816CBA5B-357C-4D00-9A9B-F06A33F93B10}.Debug|Any CPU.ActiveCfg = Debug|Any CPU
		{816CBA5B-357C-4D00-9A9B-F06A33F93B10}.Debug|Any CPU.Build.0 = Debug|Any CPU
		{816CBA5B-357C-4D00-9A9B-F06A33F93B10}.Release|Any CPU.ActiveCfg = Release|Any CPU
		{816CBA5B-357C-4D00-9A9B-F06A33F93B10}.Release|Any CPU.Build.0 = Release|Any CPU
		{16AAC14E-CC98-4F46-8E6E-4254FF6CE90E}.Debug|Any CPU.ActiveCfg = Debug|Any CPU
		{16AAC14E-CC98-4F46-8E6E-4254FF6CE90E}.Debug|Any CPU.Build.0 = Debug|Any CPU
		{16AAC14E-CC98-4F46-8E6E-4254FF6CE90E}.Release|Any CPU.ActiveCfg = Release|Any CPU
		{16AAC14E-CC98-4F46-8E6E-4254FF6CE90E}.Release|Any CPU.Build.0 = Release|Any CPU
		{D8825706-0FC0-499A-B409-C60F575DF248}.Debug|Any CPU.ActiveCfg = Debug|Any CPU
		{D8825706-0FC0-499A-B409-C60F575DF248}.Debug|Any CPU.Build.0 = Debug|Any CPU
		{D8825706-0FC0-499A-B409-C60F575DF248}.Release|Any CPU.ActiveCfg = Release|Any CPU
		{D8825706-0FC0-499A-B409-C60F575DF248}.Release|Any CPU.Build.0 = Release|Any CPU
	EndGlobalSection
	GlobalSection(SolutionProperties) = preSolution
		HideSolutionNode = FALSE
	EndGlobalSection
	GlobalSection(NestedProjects) = preSolution
		{FCB0F13A-B412-4340-B077-D3E7A60A9DD7} = {61FEE5E3-A936-4471-89F8-B1A4637FADF7}
		{0F285AB3-E812-4AE0-9CEC-D118D10C3557} = {BFFECB1F-3326-4B55-9180-58674B3FF5D0}
		{7E02195C-5656-43F4-AFC0-DADD6AFC9214} = {BFFECB1F-3326-4B55-9180-58674B3FF5D0}
		{E0B564B2-D240-4371-98B3-31D11B818F90} = {61FEE5E3-A936-4471-89F8-B1A4637FADF7}
		{C77BE523-DC6C-4BC8-BCE6-63B3F8D11D65} = {BFFECB1F-3326-4B55-9180-58674B3FF5D0}
		{C05030A0-23DC-4B48-891C-791BCAEB96AF} = {4E750A65-E3DF-4030-ACC0-C47FBDAA615C}
		{A068C8CC-6F6E-4239-A4A5-5835580D9FF2} = {61FEE5E3-A936-4471-89F8-B1A4637FADF7}
		{816CBA5B-357C-4D00-9A9B-F06A33F93B10} = {61FEE5E3-A936-4471-89F8-B1A4637FADF7}
		{16AAC14E-CC98-4F46-8E6E-4254FF6CE90E} = {4E750A65-E3DF-4030-ACC0-C47FBDAA615C}
		{D8825706-0FC0-499A-B409-C60F575DF248} = {BFFECB1F-3326-4B55-9180-58674B3FF5D0}
	EndGlobalSection
	GlobalSection(ExtensibilityGlobals) = postSolution
		SolutionGuid = {9BEEBF69-C26F-4148-BDA9-941BFEC401A7}
	EndGlobalSection
EndGlobal
