
Microsoft Visual Studio Solution File, Format Version 12.00
# Visual Studio 15
VisualStudioVersion = 15.0.27130.0
MinimumVisualStudioVersion = 10.0.40219.1
Project("{2150E333-8FDC-42A3-9474-1A3956D46DE8}") = "Server", "Server", "{4E750A65-E3DF-4030-ACC0-C47FBDAA615C}"
EndProject
Project("{2150E333-8FDC-42A3-9474-1A3956D46DE8}") = "Tests", "Tests", "{61FEE5E3-A936-4471-89F8-B1A4637FADF7}"
EndProject
Project("{9A19103F-16F7-4668-BE54-9A1E7A4F7556}") = "SimpleIdentityServer.Core.Jwt.UnitTests", "tests\SimpleIdentityServer.Core.Jwt.UnitTests\SimpleIdentityServer.Core.Jwt.UnitTests.csproj", "{4D20A2F5-FA59-437D-9321-FE193517588A}"
EndProject
Project("{9A19103F-16F7-4668-BE54-9A1E7A4F7556}") = "SimpleIdentityServer.Core.UnitTests", "tests\SimpleIdentityServer.Core.UnitTests\SimpleIdentityServer.Core.UnitTests.csproj", "{FCB0F13A-B412-4340-B077-D3E7A60A9DD7}"
EndProject
Project("{9A19103F-16F7-4668-BE54-9A1E7A4F7556}") = "SimpleIdentityServer.Client", "src\Apis\SimpleIdServer\SimpleIdentityServer.Client\SimpleIdentityServer.Client.csproj", "{0F285AB3-E812-4AE0-9CEC-D118D10C3557}"
EndProject
Project("{9A19103F-16F7-4668-BE54-9A1E7A4F7556}") = "SimpleIdentityServer.Core.Common", "src\Apis\SimpleIdServer\SimpleIdentityServer.Core.Common\SimpleIdentityServer.Core.Common.csproj", "{D827A84E-E26A-4D3D-BBEC-BC0B8CBDF0D8}"
EndProject
Project("{9A19103F-16F7-4668-BE54-9A1E7A4F7556}") = "SimpleIdentityServer.Core", "src\Apis\SimpleIdServer\SimpleIdentityServer.Core\SimpleIdentityServer.Core.csproj", "{C23BD3A1-78CE-4531-9649-19BB87C93F53}"
EndProject
Project("{9A19103F-16F7-4668-BE54-9A1E7A4F7556}") = "SimpleIdentityServer.Core.Jwt", "src\Apis\SimpleIdServer\SimpleIdentityServer.Core.Jwt\SimpleIdentityServer.Core.Jwt.csproj", "{19960628-A045-486E-8EF4-6FDC4E176026}"
EndProject
Project("{9A19103F-16F7-4668-BE54-9A1E7A4F7556}") = "SimpleIdentityServer.Host", "src\Apis\SimpleIdServer\SimpleIdentityServer.Host\SimpleIdentityServer.Host.csproj", "{F3EE8444-7F92-458D-8DB4-FAA7607629CB}"
EndProject
Project("{9A19103F-16F7-4668-BE54-9A1E7A4F7556}") = "SimpleIdentityServer.TwoFactorAuthentication.Twilio", "src\Apis\SimpleIdServer\SimpleIdentityServer.TwoFactorAuthentication.Twilio\SimpleIdentityServer.TwoFactorAuthentication.Twilio.csproj", "{7F360C48-3D1D-4C64-88D4-322B1A12B1BF}"
EndProject
Project("{9A19103F-16F7-4668-BE54-9A1E7A4F7556}") = "SimpleIdentityServer.Authenticate.Basic", "src\Apis\SimpleIdServer\SimpleIdentityServer.Authenticate.Basic\SimpleIdentityServer.Authenticate.Basic.csproj", "{AECEA402-5A13-46FC-B469-11DB6685320E}"
EndProject
Project("{9A19103F-16F7-4668-BE54-9A1E7A4F7556}") = "SimpleIdentityServer.UserManagement", "src\Apis\SimpleIdServer\SimpleIdentityServer.UserManagement\SimpleIdentityServer.UserManagement.csproj", "{30D7BF20-A13E-49CE-8C7F-291CF4FE2B3A}"
EndProject
Project("{9A19103F-16F7-4668-BE54-9A1E7A4F7556}") = "SimpleIdentityServer.Shell", "src\Apis\SimpleIdServer\SimpleIdentityServer.Shell\SimpleIdentityServer.Shell.csproj", "{F32587BA-559D-41F9-B9A0-4DDF81A5E274}"
EndProject
Project("{9A19103F-16F7-4668-BE54-9A1E7A4F7556}") = "SimpleIdentityServer.Scim.Client", "src\Apis\Scim\SimpleIdentityServer.Scim.Client\SimpleIdentityServer.Scim.Client.csproj", "{E0D2C93F-407D-4BAE-A66D-83DAAEB18084}"
EndProject
Project("{9A19103F-16F7-4668-BE54-9A1E7A4F7556}") = "SimpleIdentityServer.Store", "src\Apis\SimpleIdServer\SimpleIdentityServer.Store\SimpleIdentityServer.Store.csproj", "{0B476456-C706-4F06-93D9-BE1288BB64AF}"
EndProject
Project("{9A19103F-16F7-4668-BE54-9A1E7A4F7556}") = "SimpleIdentityServer.OAuth.Logging", "src\Apis\SimpleIdServer\SimpleIdentityServer.OAuth.Logging\SimpleIdentityServer.OAuth.Logging.csproj", "{499A4DC7-A881-46A9-9970-38C6F3A97938}"
EndProject
Project("{9A19103F-16F7-4668-BE54-9A1E7A4F7556}") = "SimpleIdentityServer.Logging", "src\Apis\Common\SimpleIdentityServer.Logging\SimpleIdentityServer.Logging.csproj", "{35D30F56-177C-48E5-B7E9-2BE85AFE92AC}"
EndProject
Project("{9A19103F-16F7-4668-BE54-9A1E7A4F7556}") = "SimpleIdentityServer.OpenId.Logging", "src\Apis\SimpleIdServer\SimpleIdentityServer.OpenId.Logging\SimpleIdentityServer.OpenId.Logging.csproj", "{23D29C1D-28CB-4379-BC1B-E51FD605271C}"
EndProject
Project("{9A19103F-16F7-4668-BE54-9A1E7A4F7556}") = "SimpleIdentityServer.Authenticate.LoginPassword", "src\Apis\SimpleIdServer\SimpleIdentityServer.Authenticate.LoginPassword\SimpleIdentityServer.Authenticate.LoginPassword.csproj", "{85761025-ED27-471C-AE38-47D4BBC65A30}"
EndProject
Project("{9A19103F-16F7-4668-BE54-9A1E7A4F7556}") = "SimpleIdentityServer.Authenticate.SMS", "src\Apis\SimpleIdServer\SimpleIdentityServer.Authenticate.SMS\SimpleIdentityServer.Authenticate.SMS.csproj", "{7AD38A3E-4A8A-42D2-9D1C-975676036F52}"
EndProject
Project("{9A19103F-16F7-4668-BE54-9A1E7A4F7556}") = "SimpleIdentityServer.Twilio.Client", "src\Apis\SimpleIdServer\SimpleIdentityServer.Twilio.Client\SimpleIdentityServer.Twilio.Client.csproj", "{D5A83FD7-EB4B-4085-AAD1-E5CAB7FAFA2C}"
EndProject
Project("{9A19103F-16F7-4668-BE54-9A1E7A4F7556}") = "SimpleIdentityServer.Authenticate.SMS.Common", "src\Apis\SimpleIdServer\SimpleIdentityServer.Authenticate.SMS.Common\SimpleIdentityServer.Authenticate.SMS.Common.csproj", "{5D826B9E-BDC2-4BAE-A7FC-5D1A0BBF08E8}"
EndProject
Project("{9A19103F-16F7-4668-BE54-9A1E7A4F7556}") = "SimpleIdentityServer.Authenticate.SMS.Client", "src\Apis\SimpleIdServer\SimpleIdentityServer.Authenticate.SMS.Client\SimpleIdentityServer.Authenticate.SMS.Client.csproj", "{D6575015-95E4-41F9-9498-79C8F0102E4D}"
EndProject
Project("{9A19103F-16F7-4668-BE54-9A1E7A4F7556}") = "SimpleIdentityServer.Authenticate.SMS.Tests", "tests\SimpleIdentityServer.Authenticate.SMS.Tests\SimpleIdentityServer.Authenticate.SMS.Tests.csproj", "{ABE7C90B-9016-4188-86E9-9A0041949CEE}"
EndProject
Project("{9A19103F-16F7-4668-BE54-9A1E7A4F7556}") = "SimpleIdentityServer.Common.Dtos", "src\Apis\Common\SimpleIdentityServer.Common.Dtos\SimpleIdentityServer.Common.Dtos.csproj", "{5681361A-2B17-41C8-88A6-7F94AA86CF70}"
EndProject
Project("{9A19103F-16F7-4668-BE54-9A1E7A4F7556}") = "SimpleIdentityServer.UserInfoIntrospection", "src\Apis\SimpleIdServer\SimpleIdentityServer.UserInfoIntrospection\SimpleIdentityServer.UserInfoIntrospection.csproj", "{7E02195C-5656-43F4-AFC0-DADD6AFC9214}"
EndProject
Project("{9A19103F-16F7-4668-BE54-9A1E7A4F7556}") = "SimpleIdentityServer.OAuth2Introspection", "src\Apis\SimpleIdServer\SimpleIdentityServer.OAuth2Introspection\SimpleIdentityServer.OAuth2Introspection.csproj", "{ED4C6A19-21F0-449B-8E43-5654EB54EC9A}"
EndProject
Project("{9A19103F-16F7-4668-BE54-9A1E7A4F7556}") = "SimpleIdentityServer.AccountFilter.Basic", "src\Apis\SimpleIdServer\SimpleIdentityServer.AccountFilter.Basic\SimpleIdentityServer.AccountFilter.Basic.csproj", "{88A65354-68E2-4CF2-AA07-53C491A96258}"
EndProject
Project("{9A19103F-16F7-4668-BE54-9A1E7A4F7556}") = "SimpleIdentityServer.AccountFilter.Basic.Tests", "tests\SimpleIdentityServer.AccountFilter.Basic.Tests\SimpleIdentityServer.AccountFilter.Basic.Tests.csproj", "{B32048DA-865B-408B-97E5-CAE7F46D3C20}"
EndProject
Project("{9A19103F-16F7-4668-BE54-9A1E7A4F7556}") = "SimpleIdentityServer.UserManagement.Common", "src\Apis\SimpleIdServer\SimpleIdentityServer.UserManagement.Common\SimpleIdentityServer.UserManagement.Common.csproj", "{9B798C0D-D70F-49EA-B99A-05A4AD08DDC9}"
EndProject
Project("{9A19103F-16F7-4668-BE54-9A1E7A4F7556}") = "SimpleIdentityServer.UserManagement.Client", "src\Apis\SimpleIdServer\SimpleIdentityServer.UserManagement.Client\SimpleIdentityServer.UserManagement.Client.csproj", "{A1615F2E-5A5C-4DE6-8BBD-4312B8A7E522}"
EndProject
Project("{9A19103F-16F7-4668-BE54-9A1E7A4F7556}") = "SimpleIdentityServer.AccessToken.Store.Tests", "tests\SimpleIdentityServer.AccessToken.Store.Tests\SimpleIdentityServer.AccessToken.Store.Tests.csproj", "{0027F061-1D67-4013-A2CC-9D87E07A3B52}"
EndProject
Project("{9A19103F-16F7-4668-BE54-9A1E7A4F7556}") = "SimpleIdentityServer.Host.Tests", "tests\SimpleIdentityServer.Host.Tests\SimpleIdentityServer.Host.Tests.csproj", "{E0B564B2-D240-4371-98B3-31D11B818F90}"
EndProject
Project("{9A19103F-16F7-4668-BE54-9A1E7A4F7556}") = "SimpleIdentityServer.Uma.Logging", "src\Apis\Uma\SimpleIdentityServer.Uma.Logging\SimpleIdentityServer.Uma.Logging.csproj", "{15B27812-D597-47E8-B511-72F865C90AC2}"
EndProject
Project("{9A19103F-16F7-4668-BE54-9A1E7A4F7556}") = "SimpleIdentityServer.Uma.Common", "src\Apis\Uma\SimpleIdentityServer.Uma.Common\SimpleIdentityServer.Uma.Common.csproj", "{6AF24CA7-07EA-4936-A59E-2860F2640018}"
EndProject
Project("{9A19103F-16F7-4668-BE54-9A1E7A4F7556}") = "SimpleIdentityServer.Uma.Core", "src\Apis\Uma\SimpleIdentityServer.Uma.Core\SimpleIdentityServer.Uma.Core.csproj", "{42479C95-76C0-4131-BF84-896B6780E350}"
EndProject
Project("{9A19103F-16F7-4668-BE54-9A1E7A4F7556}") = "SimpleIdentityServer.Uma.Host", "src\Apis\Uma\SimpleIdentityServer.Uma.Host\SimpleIdentityServer.Uma.Host.csproj", "{9BD3AB91-3B38-4F70-AE2B-606A11B59F5B}"
EndProject
Project("{9A19103F-16F7-4668-BE54-9A1E7A4F7556}") = "SimpleIdentityServer.Uma.Client", "src\Apis\Uma\SimpleIdentityServer.Uma.Client\SimpleIdentityServer.Uma.Client.csproj", "{1C757530-AC7E-44B1-B3F5-08067ED7E9BA}"
EndProject
Project("{9A19103F-16F7-4668-BE54-9A1E7A4F7556}") = "SimpleIdentityServer.Uma.Core.UnitTests", "tests\SimpleIdentityServer.Uma.Core.UnitTests\SimpleIdentityServer.Uma.Core.UnitTests.csproj", "{D1AA506C-0F73-4737-98B8-041FC88A55D9}"
EndProject
Project("{9A19103F-16F7-4668-BE54-9A1E7A4F7556}") = "SimpleIdentityServer.Uma.Host.Tests", "tests\SimpleIdentityServer.Uma.Host.Tests\SimpleIdentityServer.Uma.Host.Tests.csproj", "{657BBBAE-E85B-494F-B591-FF0D8844DEE7}"
EndProject
Project("{9A19103F-16F7-4668-BE54-9A1E7A4F7556}") = "SimpleIdentityServer.Scim.Core", "src\Apis\Scim\SimpleIdentityServer.Scim.Core\SimpleIdentityServer.Scim.Core.csproj", "{D5225D15-CC54-422E-AA4E-8864D955A6E8}"
EndProject
Project("{9A19103F-16F7-4668-BE54-9A1E7A4F7556}") = "SimpleIdentityServer.Scim.Host", "src\Apis\Scim\SimpleIdentityServer.Scim.Host\SimpleIdentityServer.Scim.Host.csproj", "{4425CF61-0495-4833-9286-D28B48C86C3B}"
EndProject
Project("{2150E333-8FDC-42A3-9474-1A3956D46DE8}") = "Clients", "Clients", "{BFFECB1F-3326-4B55-9180-58674B3FF5D0}"
EndProject
Project("{9A19103F-16F7-4668-BE54-9A1E7A4F7556}") = "SimpleIdentityServer.Scim.Client.Tests", "tests\SimpleIdentityServer.Scim.Client.Tests\SimpleIdentityServer.Scim.Client.Tests.csproj", "{733145CA-22FA-4971-8107-F0AFF459AEAB}"
EndProject
Global
	GlobalSection(SolutionConfigurationPlatforms) = preSolution
		Debug|Any CPU = Debug|Any CPU
		Fake|Any CPU = Fake|Any CPU
		Release|Any CPU = Release|Any CPU
	EndGlobalSection
	GlobalSection(ProjectConfigurationPlatforms) = postSolution
		{4D20A2F5-FA59-437D-9321-FE193517588A}.Debug|Any CPU.ActiveCfg = Debug|Any CPU
		{4D20A2F5-FA59-437D-9321-FE193517588A}.Debug|Any CPU.Build.0 = Debug|Any CPU
		{4D20A2F5-FA59-437D-9321-FE193517588A}.Fake|Any CPU.ActiveCfg = Release|Any CPU
		{4D20A2F5-FA59-437D-9321-FE193517588A}.Fake|Any CPU.Build.0 = Release|Any CPU
		{4D20A2F5-FA59-437D-9321-FE193517588A}.Release|Any CPU.ActiveCfg = Release|Any CPU
		{4D20A2F5-FA59-437D-9321-FE193517588A}.Release|Any CPU.Build.0 = Release|Any CPU
		{FCB0F13A-B412-4340-B077-D3E7A60A9DD7}.Debug|Any CPU.ActiveCfg = Debug|Any CPU
		{FCB0F13A-B412-4340-B077-D3E7A60A9DD7}.Debug|Any CPU.Build.0 = Debug|Any CPU
		{FCB0F13A-B412-4340-B077-D3E7A60A9DD7}.Fake|Any CPU.ActiveCfg = Release|Any CPU
		{FCB0F13A-B412-4340-B077-D3E7A60A9DD7}.Fake|Any CPU.Build.0 = Release|Any CPU
		{FCB0F13A-B412-4340-B077-D3E7A60A9DD7}.Release|Any CPU.ActiveCfg = Release|Any CPU
		{FCB0F13A-B412-4340-B077-D3E7A60A9DD7}.Release|Any CPU.Build.0 = Release|Any CPU
		{0F285AB3-E812-4AE0-9CEC-D118D10C3557}.Debug|Any CPU.ActiveCfg = Debug|Any CPU
		{0F285AB3-E812-4AE0-9CEC-D118D10C3557}.Debug|Any CPU.Build.0 = Debug|Any CPU
		{0F285AB3-E812-4AE0-9CEC-D118D10C3557}.Fake|Any CPU.ActiveCfg = Release|Any CPU
		{0F285AB3-E812-4AE0-9CEC-D118D10C3557}.Fake|Any CPU.Build.0 = Release|Any CPU
		{0F285AB3-E812-4AE0-9CEC-D118D10C3557}.Release|Any CPU.ActiveCfg = Release|Any CPU
		{0F285AB3-E812-4AE0-9CEC-D118D10C3557}.Release|Any CPU.Build.0 = Release|Any CPU
		{D827A84E-E26A-4D3D-BBEC-BC0B8CBDF0D8}.Debug|Any CPU.ActiveCfg = Debug|Any CPU
		{D827A84E-E26A-4D3D-BBEC-BC0B8CBDF0D8}.Debug|Any CPU.Build.0 = Debug|Any CPU
		{D827A84E-E26A-4D3D-BBEC-BC0B8CBDF0D8}.Fake|Any CPU.ActiveCfg = Release|Any CPU
		{D827A84E-E26A-4D3D-BBEC-BC0B8CBDF0D8}.Fake|Any CPU.Build.0 = Release|Any CPU
		{D827A84E-E26A-4D3D-BBEC-BC0B8CBDF0D8}.Release|Any CPU.ActiveCfg = Release|Any CPU
		{D827A84E-E26A-4D3D-BBEC-BC0B8CBDF0D8}.Release|Any CPU.Build.0 = Release|Any CPU
		{C23BD3A1-78CE-4531-9649-19BB87C93F53}.Debug|Any CPU.ActiveCfg = Debug|Any CPU
		{C23BD3A1-78CE-4531-9649-19BB87C93F53}.Debug|Any CPU.Build.0 = Debug|Any CPU
		{C23BD3A1-78CE-4531-9649-19BB87C93F53}.Fake|Any CPU.ActiveCfg = Release|Any CPU
		{C23BD3A1-78CE-4531-9649-19BB87C93F53}.Fake|Any CPU.Build.0 = Release|Any CPU
		{C23BD3A1-78CE-4531-9649-19BB87C93F53}.Release|Any CPU.ActiveCfg = Release|Any CPU
		{C23BD3A1-78CE-4531-9649-19BB87C93F53}.Release|Any CPU.Build.0 = Release|Any CPU
		{19960628-A045-486E-8EF4-6FDC4E176026}.Debug|Any CPU.ActiveCfg = Debug|Any CPU
		{19960628-A045-486E-8EF4-6FDC4E176026}.Debug|Any CPU.Build.0 = Debug|Any CPU
		{19960628-A045-486E-8EF4-6FDC4E176026}.Fake|Any CPU.ActiveCfg = Release|Any CPU
		{19960628-A045-486E-8EF4-6FDC4E176026}.Fake|Any CPU.Build.0 = Release|Any CPU
		{19960628-A045-486E-8EF4-6FDC4E176026}.Release|Any CPU.ActiveCfg = Release|Any CPU
		{19960628-A045-486E-8EF4-6FDC4E176026}.Release|Any CPU.Build.0 = Release|Any CPU
		{F3EE8444-7F92-458D-8DB4-FAA7607629CB}.Debug|Any CPU.ActiveCfg = Debug|Any CPU
		{F3EE8444-7F92-458D-8DB4-FAA7607629CB}.Debug|Any CPU.Build.0 = Debug|Any CPU
		{F3EE8444-7F92-458D-8DB4-FAA7607629CB}.Fake|Any CPU.ActiveCfg = Release|Any CPU
		{F3EE8444-7F92-458D-8DB4-FAA7607629CB}.Fake|Any CPU.Build.0 = Release|Any CPU
		{F3EE8444-7F92-458D-8DB4-FAA7607629CB}.Release|Any CPU.ActiveCfg = Release|Any CPU
		{F3EE8444-7F92-458D-8DB4-FAA7607629CB}.Release|Any CPU.Build.0 = Release|Any CPU
		{7F360C48-3D1D-4C64-88D4-322B1A12B1BF}.Debug|Any CPU.ActiveCfg = Debug|Any CPU
		{7F360C48-3D1D-4C64-88D4-322B1A12B1BF}.Debug|Any CPU.Build.0 = Debug|Any CPU
		{7F360C48-3D1D-4C64-88D4-322B1A12B1BF}.Fake|Any CPU.ActiveCfg = Debug|Any CPU
		{7F360C48-3D1D-4C64-88D4-322B1A12B1BF}.Fake|Any CPU.Build.0 = Debug|Any CPU
		{7F360C48-3D1D-4C64-88D4-322B1A12B1BF}.Release|Any CPU.ActiveCfg = Release|Any CPU
		{7F360C48-3D1D-4C64-88D4-322B1A12B1BF}.Release|Any CPU.Build.0 = Release|Any CPU
		{AECEA402-5A13-46FC-B469-11DB6685320E}.Debug|Any CPU.ActiveCfg = Debug|Any CPU
		{AECEA402-5A13-46FC-B469-11DB6685320E}.Debug|Any CPU.Build.0 = Debug|Any CPU
		{AECEA402-5A13-46FC-B469-11DB6685320E}.Fake|Any CPU.ActiveCfg = Debug|Any CPU
		{AECEA402-5A13-46FC-B469-11DB6685320E}.Fake|Any CPU.Build.0 = Debug|Any CPU
		{AECEA402-5A13-46FC-B469-11DB6685320E}.Release|Any CPU.ActiveCfg = Release|Any CPU
		{AECEA402-5A13-46FC-B469-11DB6685320E}.Release|Any CPU.Build.0 = Release|Any CPU
		{30D7BF20-A13E-49CE-8C7F-291CF4FE2B3A}.Debug|Any CPU.ActiveCfg = Debug|Any CPU
		{30D7BF20-A13E-49CE-8C7F-291CF4FE2B3A}.Debug|Any CPU.Build.0 = Debug|Any CPU
		{30D7BF20-A13E-49CE-8C7F-291CF4FE2B3A}.Fake|Any CPU.ActiveCfg = Debug|Any CPU
		{30D7BF20-A13E-49CE-8C7F-291CF4FE2B3A}.Fake|Any CPU.Build.0 = Debug|Any CPU
		{30D7BF20-A13E-49CE-8C7F-291CF4FE2B3A}.Release|Any CPU.ActiveCfg = Release|Any CPU
		{30D7BF20-A13E-49CE-8C7F-291CF4FE2B3A}.Release|Any CPU.Build.0 = Release|Any CPU
		{F32587BA-559D-41F9-B9A0-4DDF81A5E274}.Debug|Any CPU.ActiveCfg = Debug|Any CPU
		{F32587BA-559D-41F9-B9A0-4DDF81A5E274}.Debug|Any CPU.Build.0 = Debug|Any CPU
		{F32587BA-559D-41F9-B9A0-4DDF81A5E274}.Fake|Any CPU.ActiveCfg = Debug|Any CPU
		{F32587BA-559D-41F9-B9A0-4DDF81A5E274}.Fake|Any CPU.Build.0 = Debug|Any CPU
		{F32587BA-559D-41F9-B9A0-4DDF81A5E274}.Release|Any CPU.ActiveCfg = Release|Any CPU
		{F32587BA-559D-41F9-B9A0-4DDF81A5E274}.Release|Any CPU.Build.0 = Release|Any CPU
		{E0D2C93F-407D-4BAE-A66D-83DAAEB18084}.Debug|Any CPU.ActiveCfg = Debug|Any CPU
		{E0D2C93F-407D-4BAE-A66D-83DAAEB18084}.Debug|Any CPU.Build.0 = Debug|Any CPU
		{E0D2C93F-407D-4BAE-A66D-83DAAEB18084}.Fake|Any CPU.ActiveCfg = Debug|Any CPU
		{E0D2C93F-407D-4BAE-A66D-83DAAEB18084}.Fake|Any CPU.Build.0 = Debug|Any CPU
		{E0D2C93F-407D-4BAE-A66D-83DAAEB18084}.Release|Any CPU.ActiveCfg = Release|Any CPU
		{E0D2C93F-407D-4BAE-A66D-83DAAEB18084}.Release|Any CPU.Build.0 = Release|Any CPU
		{0B476456-C706-4F06-93D9-BE1288BB64AF}.Debug|Any CPU.ActiveCfg = Debug|Any CPU
		{0B476456-C706-4F06-93D9-BE1288BB64AF}.Debug|Any CPU.Build.0 = Debug|Any CPU
		{0B476456-C706-4F06-93D9-BE1288BB64AF}.Fake|Any CPU.ActiveCfg = Debug|Any CPU
		{0B476456-C706-4F06-93D9-BE1288BB64AF}.Fake|Any CPU.Build.0 = Debug|Any CPU
		{0B476456-C706-4F06-93D9-BE1288BB64AF}.Release|Any CPU.ActiveCfg = Release|Any CPU
		{0B476456-C706-4F06-93D9-BE1288BB64AF}.Release|Any CPU.Build.0 = Release|Any CPU
		{499A4DC7-A881-46A9-9970-38C6F3A97938}.Debug|Any CPU.ActiveCfg = Debug|Any CPU
		{499A4DC7-A881-46A9-9970-38C6F3A97938}.Debug|Any CPU.Build.0 = Debug|Any CPU
		{499A4DC7-A881-46A9-9970-38C6F3A97938}.Fake|Any CPU.ActiveCfg = Debug|Any CPU
		{499A4DC7-A881-46A9-9970-38C6F3A97938}.Fake|Any CPU.Build.0 = Debug|Any CPU
		{499A4DC7-A881-46A9-9970-38C6F3A97938}.Release|Any CPU.ActiveCfg = Release|Any CPU
		{499A4DC7-A881-46A9-9970-38C6F3A97938}.Release|Any CPU.Build.0 = Release|Any CPU
		{35D30F56-177C-48E5-B7E9-2BE85AFE92AC}.Debug|Any CPU.ActiveCfg = Debug|Any CPU
		{35D30F56-177C-48E5-B7E9-2BE85AFE92AC}.Debug|Any CPU.Build.0 = Debug|Any CPU
		{35D30F56-177C-48E5-B7E9-2BE85AFE92AC}.Fake|Any CPU.ActiveCfg = Debug|Any CPU
		{35D30F56-177C-48E5-B7E9-2BE85AFE92AC}.Fake|Any CPU.Build.0 = Debug|Any CPU
		{35D30F56-177C-48E5-B7E9-2BE85AFE92AC}.Release|Any CPU.ActiveCfg = Release|Any CPU
		{35D30F56-177C-48E5-B7E9-2BE85AFE92AC}.Release|Any CPU.Build.0 = Release|Any CPU
		{23D29C1D-28CB-4379-BC1B-E51FD605271C}.Debug|Any CPU.ActiveCfg = Debug|Any CPU
		{23D29C1D-28CB-4379-BC1B-E51FD605271C}.Debug|Any CPU.Build.0 = Debug|Any CPU
		{23D29C1D-28CB-4379-BC1B-E51FD605271C}.Fake|Any CPU.ActiveCfg = Debug|Any CPU
		{23D29C1D-28CB-4379-BC1B-E51FD605271C}.Fake|Any CPU.Build.0 = Debug|Any CPU
		{23D29C1D-28CB-4379-BC1B-E51FD605271C}.Release|Any CPU.ActiveCfg = Release|Any CPU
		{23D29C1D-28CB-4379-BC1B-E51FD605271C}.Release|Any CPU.Build.0 = Release|Any CPU
		{85761025-ED27-471C-AE38-47D4BBC65A30}.Debug|Any CPU.ActiveCfg = Debug|Any CPU
		{85761025-ED27-471C-AE38-47D4BBC65A30}.Debug|Any CPU.Build.0 = Debug|Any CPU
		{85761025-ED27-471C-AE38-47D4BBC65A30}.Fake|Any CPU.ActiveCfg = Debug|Any CPU
		{85761025-ED27-471C-AE38-47D4BBC65A30}.Fake|Any CPU.Build.0 = Debug|Any CPU
		{85761025-ED27-471C-AE38-47D4BBC65A30}.Release|Any CPU.ActiveCfg = Release|Any CPU
		{85761025-ED27-471C-AE38-47D4BBC65A30}.Release|Any CPU.Build.0 = Release|Any CPU
		{7AD38A3E-4A8A-42D2-9D1C-975676036F52}.Debug|Any CPU.ActiveCfg = Debug|Any CPU
		{7AD38A3E-4A8A-42D2-9D1C-975676036F52}.Debug|Any CPU.Build.0 = Debug|Any CPU
		{7AD38A3E-4A8A-42D2-9D1C-975676036F52}.Fake|Any CPU.ActiveCfg = Debug|Any CPU
		{7AD38A3E-4A8A-42D2-9D1C-975676036F52}.Fake|Any CPU.Build.0 = Debug|Any CPU
		{7AD38A3E-4A8A-42D2-9D1C-975676036F52}.Release|Any CPU.ActiveCfg = Release|Any CPU
		{7AD38A3E-4A8A-42D2-9D1C-975676036F52}.Release|Any CPU.Build.0 = Release|Any CPU
		{D5A83FD7-EB4B-4085-AAD1-E5CAB7FAFA2C}.Debug|Any CPU.ActiveCfg = Debug|Any CPU
		{D5A83FD7-EB4B-4085-AAD1-E5CAB7FAFA2C}.Debug|Any CPU.Build.0 = Debug|Any CPU
		{D5A83FD7-EB4B-4085-AAD1-E5CAB7FAFA2C}.Fake|Any CPU.ActiveCfg = Debug|Any CPU
		{D5A83FD7-EB4B-4085-AAD1-E5CAB7FAFA2C}.Fake|Any CPU.Build.0 = Debug|Any CPU
		{D5A83FD7-EB4B-4085-AAD1-E5CAB7FAFA2C}.Release|Any CPU.ActiveCfg = Release|Any CPU
		{D5A83FD7-EB4B-4085-AAD1-E5CAB7FAFA2C}.Release|Any CPU.Build.0 = Release|Any CPU
		{5D826B9E-BDC2-4BAE-A7FC-5D1A0BBF08E8}.Debug|Any CPU.ActiveCfg = Debug|Any CPU
		{5D826B9E-BDC2-4BAE-A7FC-5D1A0BBF08E8}.Debug|Any CPU.Build.0 = Debug|Any CPU
		{5D826B9E-BDC2-4BAE-A7FC-5D1A0BBF08E8}.Fake|Any CPU.ActiveCfg = Debug|Any CPU
		{5D826B9E-BDC2-4BAE-A7FC-5D1A0BBF08E8}.Fake|Any CPU.Build.0 = Debug|Any CPU
		{5D826B9E-BDC2-4BAE-A7FC-5D1A0BBF08E8}.Release|Any CPU.ActiveCfg = Release|Any CPU
		{5D826B9E-BDC2-4BAE-A7FC-5D1A0BBF08E8}.Release|Any CPU.Build.0 = Release|Any CPU
		{D6575015-95E4-41F9-9498-79C8F0102E4D}.Debug|Any CPU.ActiveCfg = Debug|Any CPU
		{D6575015-95E4-41F9-9498-79C8F0102E4D}.Debug|Any CPU.Build.0 = Debug|Any CPU
		{D6575015-95E4-41F9-9498-79C8F0102E4D}.Fake|Any CPU.ActiveCfg = Debug|Any CPU
		{D6575015-95E4-41F9-9498-79C8F0102E4D}.Fake|Any CPU.Build.0 = Debug|Any CPU
		{D6575015-95E4-41F9-9498-79C8F0102E4D}.Release|Any CPU.ActiveCfg = Release|Any CPU
		{D6575015-95E4-41F9-9498-79C8F0102E4D}.Release|Any CPU.Build.0 = Release|Any CPU
		{ABE7C90B-9016-4188-86E9-9A0041949CEE}.Debug|Any CPU.ActiveCfg = Debug|Any CPU
		{ABE7C90B-9016-4188-86E9-9A0041949CEE}.Debug|Any CPU.Build.0 = Debug|Any CPU
		{ABE7C90B-9016-4188-86E9-9A0041949CEE}.Fake|Any CPU.ActiveCfg = Debug|Any CPU
		{ABE7C90B-9016-4188-86E9-9A0041949CEE}.Fake|Any CPU.Build.0 = Debug|Any CPU
		{ABE7C90B-9016-4188-86E9-9A0041949CEE}.Release|Any CPU.ActiveCfg = Release|Any CPU
		{ABE7C90B-9016-4188-86E9-9A0041949CEE}.Release|Any CPU.Build.0 = Release|Any CPU
		{5681361A-2B17-41C8-88A6-7F94AA86CF70}.Debug|Any CPU.ActiveCfg = Debug|Any CPU
		{5681361A-2B17-41C8-88A6-7F94AA86CF70}.Debug|Any CPU.Build.0 = Debug|Any CPU
		{5681361A-2B17-41C8-88A6-7F94AA86CF70}.Fake|Any CPU.ActiveCfg = Debug|Any CPU
		{5681361A-2B17-41C8-88A6-7F94AA86CF70}.Fake|Any CPU.Build.0 = Debug|Any CPU
		{5681361A-2B17-41C8-88A6-7F94AA86CF70}.Release|Any CPU.ActiveCfg = Release|Any CPU
		{5681361A-2B17-41C8-88A6-7F94AA86CF70}.Release|Any CPU.Build.0 = Release|Any CPU
		{7E02195C-5656-43F4-AFC0-DADD6AFC9214}.Debug|Any CPU.ActiveCfg = Debug|Any CPU
		{7E02195C-5656-43F4-AFC0-DADD6AFC9214}.Debug|Any CPU.Build.0 = Debug|Any CPU
		{7E02195C-5656-43F4-AFC0-DADD6AFC9214}.Fake|Any CPU.ActiveCfg = Debug|Any CPU
		{7E02195C-5656-43F4-AFC0-DADD6AFC9214}.Fake|Any CPU.Build.0 = Debug|Any CPU
		{7E02195C-5656-43F4-AFC0-DADD6AFC9214}.Release|Any CPU.ActiveCfg = Release|Any CPU
		{7E02195C-5656-43F4-AFC0-DADD6AFC9214}.Release|Any CPU.Build.0 = Release|Any CPU
		{ED4C6A19-21F0-449B-8E43-5654EB54EC9A}.Debug|Any CPU.ActiveCfg = Debug|Any CPU
		{ED4C6A19-21F0-449B-8E43-5654EB54EC9A}.Debug|Any CPU.Build.0 = Debug|Any CPU
		{ED4C6A19-21F0-449B-8E43-5654EB54EC9A}.Fake|Any CPU.ActiveCfg = Debug|Any CPU
		{ED4C6A19-21F0-449B-8E43-5654EB54EC9A}.Fake|Any CPU.Build.0 = Debug|Any CPU
		{ED4C6A19-21F0-449B-8E43-5654EB54EC9A}.Release|Any CPU.ActiveCfg = Release|Any CPU
		{ED4C6A19-21F0-449B-8E43-5654EB54EC9A}.Release|Any CPU.Build.0 = Release|Any CPU
		{88A65354-68E2-4CF2-AA07-53C491A96258}.Debug|Any CPU.ActiveCfg = Debug|Any CPU
		{88A65354-68E2-4CF2-AA07-53C491A96258}.Debug|Any CPU.Build.0 = Debug|Any CPU
		{88A65354-68E2-4CF2-AA07-53C491A96258}.Fake|Any CPU.ActiveCfg = Debug|Any CPU
		{88A65354-68E2-4CF2-AA07-53C491A96258}.Fake|Any CPU.Build.0 = Debug|Any CPU
		{88A65354-68E2-4CF2-AA07-53C491A96258}.Release|Any CPU.ActiveCfg = Release|Any CPU
		{88A65354-68E2-4CF2-AA07-53C491A96258}.Release|Any CPU.Build.0 = Release|Any CPU
		{B32048DA-865B-408B-97E5-CAE7F46D3C20}.Debug|Any CPU.ActiveCfg = Debug|Any CPU
		{B32048DA-865B-408B-97E5-CAE7F46D3C20}.Debug|Any CPU.Build.0 = Debug|Any CPU
		{B32048DA-865B-408B-97E5-CAE7F46D3C20}.Fake|Any CPU.ActiveCfg = Debug|Any CPU
		{B32048DA-865B-408B-97E5-CAE7F46D3C20}.Fake|Any CPU.Build.0 = Debug|Any CPU
		{B32048DA-865B-408B-97E5-CAE7F46D3C20}.Release|Any CPU.ActiveCfg = Release|Any CPU
		{B32048DA-865B-408B-97E5-CAE7F46D3C20}.Release|Any CPU.Build.0 = Release|Any CPU
		{9B798C0D-D70F-49EA-B99A-05A4AD08DDC9}.Debug|Any CPU.ActiveCfg = Debug|Any CPU
		{9B798C0D-D70F-49EA-B99A-05A4AD08DDC9}.Debug|Any CPU.Build.0 = Debug|Any CPU
		{9B798C0D-D70F-49EA-B99A-05A4AD08DDC9}.Fake|Any CPU.ActiveCfg = Debug|Any CPU
		{9B798C0D-D70F-49EA-B99A-05A4AD08DDC9}.Fake|Any CPU.Build.0 = Debug|Any CPU
		{9B798C0D-D70F-49EA-B99A-05A4AD08DDC9}.Release|Any CPU.ActiveCfg = Release|Any CPU
		{9B798C0D-D70F-49EA-B99A-05A4AD08DDC9}.Release|Any CPU.Build.0 = Release|Any CPU
		{A1615F2E-5A5C-4DE6-8BBD-4312B8A7E522}.Debug|Any CPU.ActiveCfg = Debug|Any CPU
		{A1615F2E-5A5C-4DE6-8BBD-4312B8A7E522}.Debug|Any CPU.Build.0 = Debug|Any CPU
		{A1615F2E-5A5C-4DE6-8BBD-4312B8A7E522}.Fake|Any CPU.ActiveCfg = Debug|Any CPU
		{A1615F2E-5A5C-4DE6-8BBD-4312B8A7E522}.Fake|Any CPU.Build.0 = Debug|Any CPU
		{A1615F2E-5A5C-4DE6-8BBD-4312B8A7E522}.Release|Any CPU.ActiveCfg = Release|Any CPU
		{A1615F2E-5A5C-4DE6-8BBD-4312B8A7E522}.Release|Any CPU.Build.0 = Release|Any CPU
		{0027F061-1D67-4013-A2CC-9D87E07A3B52}.Debug|Any CPU.ActiveCfg = Debug|Any CPU
		{0027F061-1D67-4013-A2CC-9D87E07A3B52}.Debug|Any CPU.Build.0 = Debug|Any CPU
		{0027F061-1D67-4013-A2CC-9D87E07A3B52}.Fake|Any CPU.ActiveCfg = Debug|Any CPU
		{0027F061-1D67-4013-A2CC-9D87E07A3B52}.Fake|Any CPU.Build.0 = Debug|Any CPU
		{0027F061-1D67-4013-A2CC-9D87E07A3B52}.Release|Any CPU.ActiveCfg = Release|Any CPU
		{0027F061-1D67-4013-A2CC-9D87E07A3B52}.Release|Any CPU.Build.0 = Release|Any CPU
		{E0B564B2-D240-4371-98B3-31D11B818F90}.Debug|Any CPU.ActiveCfg = Debug|Any CPU
		{E0B564B2-D240-4371-98B3-31D11B818F90}.Debug|Any CPU.Build.0 = Debug|Any CPU
		{E0B564B2-D240-4371-98B3-31D11B818F90}.Fake|Any CPU.ActiveCfg = Debug|Any CPU
		{E0B564B2-D240-4371-98B3-31D11B818F90}.Fake|Any CPU.Build.0 = Debug|Any CPU
		{E0B564B2-D240-4371-98B3-31D11B818F90}.Release|Any CPU.ActiveCfg = Release|Any CPU
		{E0B564B2-D240-4371-98B3-31D11B818F90}.Release|Any CPU.Build.0 = Release|Any CPU
		{15B27812-D597-47E8-B511-72F865C90AC2}.Debug|Any CPU.ActiveCfg = Debug|Any CPU
		{15B27812-D597-47E8-B511-72F865C90AC2}.Debug|Any CPU.Build.0 = Debug|Any CPU
		{15B27812-D597-47E8-B511-72F865C90AC2}.Fake|Any CPU.ActiveCfg = Debug|Any CPU
		{15B27812-D597-47E8-B511-72F865C90AC2}.Fake|Any CPU.Build.0 = Debug|Any CPU
		{15B27812-D597-47E8-B511-72F865C90AC2}.Release|Any CPU.ActiveCfg = Release|Any CPU
		{15B27812-D597-47E8-B511-72F865C90AC2}.Release|Any CPU.Build.0 = Release|Any CPU
		{6AF24CA7-07EA-4936-A59E-2860F2640018}.Debug|Any CPU.ActiveCfg = Debug|Any CPU
		{6AF24CA7-07EA-4936-A59E-2860F2640018}.Debug|Any CPU.Build.0 = Debug|Any CPU
		{6AF24CA7-07EA-4936-A59E-2860F2640018}.Fake|Any CPU.ActiveCfg = Debug|Any CPU
		{6AF24CA7-07EA-4936-A59E-2860F2640018}.Fake|Any CPU.Build.0 = Debug|Any CPU
		{6AF24CA7-07EA-4936-A59E-2860F2640018}.Release|Any CPU.ActiveCfg = Release|Any CPU
		{6AF24CA7-07EA-4936-A59E-2860F2640018}.Release|Any CPU.Build.0 = Release|Any CPU
		{42479C95-76C0-4131-BF84-896B6780E350}.Debug|Any CPU.ActiveCfg = Debug|Any CPU
		{42479C95-76C0-4131-BF84-896B6780E350}.Debug|Any CPU.Build.0 = Debug|Any CPU
		{42479C95-76C0-4131-BF84-896B6780E350}.Fake|Any CPU.ActiveCfg = Debug|Any CPU
		{42479C95-76C0-4131-BF84-896B6780E350}.Fake|Any CPU.Build.0 = Debug|Any CPU
		{42479C95-76C0-4131-BF84-896B6780E350}.Release|Any CPU.ActiveCfg = Release|Any CPU
		{42479C95-76C0-4131-BF84-896B6780E350}.Release|Any CPU.Build.0 = Release|Any CPU
		{9BD3AB91-3B38-4F70-AE2B-606A11B59F5B}.Debug|Any CPU.ActiveCfg = Debug|Any CPU
		{9BD3AB91-3B38-4F70-AE2B-606A11B59F5B}.Debug|Any CPU.Build.0 = Debug|Any CPU
		{9BD3AB91-3B38-4F70-AE2B-606A11B59F5B}.Fake|Any CPU.ActiveCfg = Debug|Any CPU
		{9BD3AB91-3B38-4F70-AE2B-606A11B59F5B}.Fake|Any CPU.Build.0 = Debug|Any CPU
		{9BD3AB91-3B38-4F70-AE2B-606A11B59F5B}.Release|Any CPU.ActiveCfg = Release|Any CPU
		{9BD3AB91-3B38-4F70-AE2B-606A11B59F5B}.Release|Any CPU.Build.0 = Release|Any CPU
		{1C757530-AC7E-44B1-B3F5-08067ED7E9BA}.Debug|Any CPU.ActiveCfg = Debug|Any CPU
		{1C757530-AC7E-44B1-B3F5-08067ED7E9BA}.Debug|Any CPU.Build.0 = Debug|Any CPU
		{1C757530-AC7E-44B1-B3F5-08067ED7E9BA}.Fake|Any CPU.ActiveCfg = Debug|Any CPU
		{1C757530-AC7E-44B1-B3F5-08067ED7E9BA}.Fake|Any CPU.Build.0 = Debug|Any CPU
		{1C757530-AC7E-44B1-B3F5-08067ED7E9BA}.Release|Any CPU.ActiveCfg = Release|Any CPU
		{1C757530-AC7E-44B1-B3F5-08067ED7E9BA}.Release|Any CPU.Build.0 = Release|Any CPU
		{D1AA506C-0F73-4737-98B8-041FC88A55D9}.Debug|Any CPU.ActiveCfg = Debug|Any CPU
		{D1AA506C-0F73-4737-98B8-041FC88A55D9}.Debug|Any CPU.Build.0 = Debug|Any CPU
		{D1AA506C-0F73-4737-98B8-041FC88A55D9}.Fake|Any CPU.ActiveCfg = Debug|Any CPU
		{D1AA506C-0F73-4737-98B8-041FC88A55D9}.Fake|Any CPU.Build.0 = Debug|Any CPU
		{D1AA506C-0F73-4737-98B8-041FC88A55D9}.Release|Any CPU.ActiveCfg = Release|Any CPU
		{D1AA506C-0F73-4737-98B8-041FC88A55D9}.Release|Any CPU.Build.0 = Release|Any CPU
		{657BBBAE-E85B-494F-B591-FF0D8844DEE7}.Debug|Any CPU.ActiveCfg = Debug|Any CPU
		{657BBBAE-E85B-494F-B591-FF0D8844DEE7}.Debug|Any CPU.Build.0 = Debug|Any CPU
		{657BBBAE-E85B-494F-B591-FF0D8844DEE7}.Fake|Any CPU.ActiveCfg = Debug|Any CPU
		{657BBBAE-E85B-494F-B591-FF0D8844DEE7}.Fake|Any CPU.Build.0 = Debug|Any CPU
		{657BBBAE-E85B-494F-B591-FF0D8844DEE7}.Release|Any CPU.ActiveCfg = Release|Any CPU
		{657BBBAE-E85B-494F-B591-FF0D8844DEE7}.Release|Any CPU.Build.0 = Release|Any CPU
		{D5225D15-CC54-422E-AA4E-8864D955A6E8}.Debug|Any CPU.ActiveCfg = Debug|Any CPU
		{D5225D15-CC54-422E-AA4E-8864D955A6E8}.Debug|Any CPU.Build.0 = Debug|Any CPU
		{D5225D15-CC54-422E-AA4E-8864D955A6E8}.Fake|Any CPU.ActiveCfg = Debug|Any CPU
		{D5225D15-CC54-422E-AA4E-8864D955A6E8}.Fake|Any CPU.Build.0 = Debug|Any CPU
		{D5225D15-CC54-422E-AA4E-8864D955A6E8}.Release|Any CPU.ActiveCfg = Release|Any CPU
		{D5225D15-CC54-422E-AA4E-8864D955A6E8}.Release|Any CPU.Build.0 = Release|Any CPU
		{4425CF61-0495-4833-9286-D28B48C86C3B}.Debug|Any CPU.ActiveCfg = Debug|Any CPU
		{4425CF61-0495-4833-9286-D28B48C86C3B}.Debug|Any CPU.Build.0 = Debug|Any CPU
		{4425CF61-0495-4833-9286-D28B48C86C3B}.Fake|Any CPU.ActiveCfg = Debug|Any CPU
		{4425CF61-0495-4833-9286-D28B48C86C3B}.Fake|Any CPU.Build.0 = Debug|Any CPU
		{4425CF61-0495-4833-9286-D28B48C86C3B}.Release|Any CPU.ActiveCfg = Release|Any CPU
		{4425CF61-0495-4833-9286-D28B48C86C3B}.Release|Any CPU.Build.0 = Release|Any CPU
		{733145CA-22FA-4971-8107-F0AFF459AEAB}.Debug|Any CPU.ActiveCfg = Debug|Any CPU
		{733145CA-22FA-4971-8107-F0AFF459AEAB}.Debug|Any CPU.Build.0 = Debug|Any CPU
		{733145CA-22FA-4971-8107-F0AFF459AEAB}.Fake|Any CPU.ActiveCfg = Debug|Any CPU
		{733145CA-22FA-4971-8107-F0AFF459AEAB}.Fake|Any CPU.Build.0 = Debug|Any CPU
		{733145CA-22FA-4971-8107-F0AFF459AEAB}.Release|Any CPU.ActiveCfg = Release|Any CPU
		{733145CA-22FA-4971-8107-F0AFF459AEAB}.Release|Any CPU.Build.0 = Release|Any CPU
	EndGlobalSection
	GlobalSection(SolutionProperties) = preSolution
		HideSolutionNode = FALSE
	EndGlobalSection
	GlobalSection(NestedProjects) = preSolution
		{4D20A2F5-FA59-437D-9321-FE193517588A} = {61FEE5E3-A936-4471-89F8-B1A4637FADF7}
		{FCB0F13A-B412-4340-B077-D3E7A60A9DD7} = {61FEE5E3-A936-4471-89F8-B1A4637FADF7}
		{0F285AB3-E812-4AE0-9CEC-D118D10C3557} = {BFFECB1F-3326-4B55-9180-58674B3FF5D0}
		{D827A84E-E26A-4D3D-BBEC-BC0B8CBDF0D8} = {4E750A65-E3DF-4030-ACC0-C47FBDAA615C}
		{C23BD3A1-78CE-4531-9649-19BB87C93F53} = {4E750A65-E3DF-4030-ACC0-C47FBDAA615C}
		{19960628-A045-486E-8EF4-6FDC4E176026} = {4E750A65-E3DF-4030-ACC0-C47FBDAA615C}
		{F3EE8444-7F92-458D-8DB4-FAA7607629CB} = {4E750A65-E3DF-4030-ACC0-C47FBDAA615C}
		{7F360C48-3D1D-4C64-88D4-322B1A12B1BF} = {4E750A65-E3DF-4030-ACC0-C47FBDAA615C}
		{AECEA402-5A13-46FC-B469-11DB6685320E} = {4E750A65-E3DF-4030-ACC0-C47FBDAA615C}
		{30D7BF20-A13E-49CE-8C7F-291CF4FE2B3A} = {4E750A65-E3DF-4030-ACC0-C47FBDAA615C}
		{F32587BA-559D-41F9-B9A0-4DDF81A5E274} = {4E750A65-E3DF-4030-ACC0-C47FBDAA615C}
		{E0D2C93F-407D-4BAE-A66D-83DAAEB18084} = {BFFECB1F-3326-4B55-9180-58674B3FF5D0}
		{0B476456-C706-4F06-93D9-BE1288BB64AF} = {4E750A65-E3DF-4030-ACC0-C47FBDAA615C}
		{499A4DC7-A881-46A9-9970-38C6F3A97938} = {4E750A65-E3DF-4030-ACC0-C47FBDAA615C}
		{35D30F56-177C-48E5-B7E9-2BE85AFE92AC} = {4E750A65-E3DF-4030-ACC0-C47FBDAA615C}
		{23D29C1D-28CB-4379-BC1B-E51FD605271C} = {4E750A65-E3DF-4030-ACC0-C47FBDAA615C}
		{85761025-ED27-471C-AE38-47D4BBC65A30} = {4E750A65-E3DF-4030-ACC0-C47FBDAA615C}
		{7AD38A3E-4A8A-42D2-9D1C-975676036F52} = {4E750A65-E3DF-4030-ACC0-C47FBDAA615C}
		{D5A83FD7-EB4B-4085-AAD1-E5CAB7FAFA2C} = {4E750A65-E3DF-4030-ACC0-C47FBDAA615C}
		{5D826B9E-BDC2-4BAE-A7FC-5D1A0BBF08E8} = {4E750A65-E3DF-4030-ACC0-C47FBDAA615C}
		{D6575015-95E4-41F9-9498-79C8F0102E4D} = {4E750A65-E3DF-4030-ACC0-C47FBDAA615C}
		{ABE7C90B-9016-4188-86E9-9A0041949CEE} = {61FEE5E3-A936-4471-89F8-B1A4637FADF7}
		{5681361A-2B17-41C8-88A6-7F94AA86CF70} = {4E750A65-E3DF-4030-ACC0-C47FBDAA615C}
		{7E02195C-5656-43F4-AFC0-DADD6AFC9214} = {BFFECB1F-3326-4B55-9180-58674B3FF5D0}
		{ED4C6A19-21F0-449B-8E43-5654EB54EC9A} = {BFFECB1F-3326-4B55-9180-58674B3FF5D0}
		{88A65354-68E2-4CF2-AA07-53C491A96258} = {4E750A65-E3DF-4030-ACC0-C47FBDAA615C}
		{B32048DA-865B-408B-97E5-CAE7F46D3C20} = {61FEE5E3-A936-4471-89F8-B1A4637FADF7}
		{9B798C0D-D70F-49EA-B99A-05A4AD08DDC9} = {4E750A65-E3DF-4030-ACC0-C47FBDAA615C}
		{A1615F2E-5A5C-4DE6-8BBD-4312B8A7E522} = {4E750A65-E3DF-4030-ACC0-C47FBDAA615C}
		{0027F061-1D67-4013-A2CC-9D87E07A3B52} = {61FEE5E3-A936-4471-89F8-B1A4637FADF7}
		{E0B564B2-D240-4371-98B3-31D11B818F90} = {61FEE5E3-A936-4471-89F8-B1A4637FADF7}
		{15B27812-D597-47E8-B511-72F865C90AC2} = {4E750A65-E3DF-4030-ACC0-C47FBDAA615C}
		{6AF24CA7-07EA-4936-A59E-2860F2640018} = {4E750A65-E3DF-4030-ACC0-C47FBDAA615C}
		{42479C95-76C0-4131-BF84-896B6780E350} = {4E750A65-E3DF-4030-ACC0-C47FBDAA615C}
		{9BD3AB91-3B38-4F70-AE2B-606A11B59F5B} = {4E750A65-E3DF-4030-ACC0-C47FBDAA615C}
		{1C757530-AC7E-44B1-B3F5-08067ED7E9BA} = {BFFECB1F-3326-4B55-9180-58674B3FF5D0}
		{D1AA506C-0F73-4737-98B8-041FC88A55D9} = {61FEE5E3-A936-4471-89F8-B1A4637FADF7}
		{657BBBAE-E85B-494F-B591-FF0D8844DEE7} = {61FEE5E3-A936-4471-89F8-B1A4637FADF7}
		{D5225D15-CC54-422E-AA4E-8864D955A6E8} = {4E750A65-E3DF-4030-ACC0-C47FBDAA615C}
		{4425CF61-0495-4833-9286-D28B48C86C3B} = {4E750A65-E3DF-4030-ACC0-C47FBDAA615C}
		{733145CA-22FA-4971-8107-F0AFF459AEAB} = {61FEE5E3-A936-4471-89F8-B1A4637FADF7}
	EndGlobalSection
	GlobalSection(ExtensibilityGlobals) = postSolution
		SolutionGuid = {9BEEBF69-C26F-4148-BDA9-941BFEC401A7}
	EndGlobalSection
EndGlobal
